// !$*UTF8*$!
{
	archiveVersion = 1;
	classes = {
	};
	objectVersion = 56;
	objects = {

/* Begin PBXBuildFile section */
		358BCF142978329F000A7F9C /* TreatyApp.swift in Sources */ = {isa = PBXBuildFile; fileRef = 358BCF132978329F000A7F9C /* TreatyApp.swift */; };
		358BCF162978329F000A7F9C /* Persistence.swift in Sources */ = {isa = PBXBuildFile; fileRef = 358BCF152978329F000A7F9C /* Persistence.swift */; };
		358BCF192978329F000A7F9C /* Treaty.xcdatamodeld in Sources */ = {isa = PBXBuildFile; fileRef = 358BCF172978329F000A7F9C /* Treaty.xcdatamodeld */; };
		358BCF1D297832A1000A7F9C /* Assets.xcassets in Resources */ = {isa = PBXBuildFile; fileRef = 358BCF1C297832A1000A7F9C /* Assets.xcassets */; };
		358BCF21297832A1000A7F9C /* Preview Assets.xcassets in Resources */ = {isa = PBXBuildFile; fileRef = 358BCF20297832A1000A7F9C /* Preview Assets.xcassets */; };
		358BCF2B297832A1000A7F9C /* TreatyTests.swift in Sources */ = {isa = PBXBuildFile; fileRef = 358BCF2A297832A1000A7F9C /* TreatyTests.swift */; };
		358BCF35297832A1000A7F9C /* TreatyUITests.swift in Sources */ = {isa = PBXBuildFile; fileRef = 358BCF34297832A1000A7F9C /* TreatyUITests.swift */; };
		358BCF37297832A1000A7F9C /* TreatyUITestsLaunchTests.swift in Sources */ = {isa = PBXBuildFile; fileRef = 358BCF36297832A1000A7F9C /* TreatyUITestsLaunchTests.swift */; };
		358BCF4629783349000A7F9C /* UserModel.swift in Sources */ = {isa = PBXBuildFile; fileRef = 358BCF4529783349000A7F9C /* UserModel.swift */; };
		358BCF49297833C1000A7F9C /* FirebaseAuth in Frameworks */ = {isa = PBXBuildFile; productRef = 358BCF48297833C1000A7F9C /* FirebaseAuth */; };
		358BCF4B297833C1000A7F9C /* FirebaseFirestore in Frameworks */ = {isa = PBXBuildFile; productRef = 358BCF4A297833C1000A7F9C /* FirebaseFirestore */; };
		358BCF4D297833C1000A7F9C /* FirebaseFirestoreSwift in Frameworks */ = {isa = PBXBuildFile; productRef = 358BCF4C297833C1000A7F9C /* FirebaseFirestoreSwift */; };
		358BCF4F297833C1000A7F9C /* FirebaseStorage in Frameworks */ = {isa = PBXBuildFile; productRef = 358BCF4E297833C1000A7F9C /* FirebaseStorage */; };
		358BCF52297833F9000A7F9C /* SDWebImageSwiftUI in Frameworks */ = {isa = PBXBuildFile; productRef = 358BCF51297833F9000A7F9C /* SDWebImageSwiftUI */; };
		358BCF5629783624000A7F9C /* ContentView.swift in Sources */ = {isa = PBXBuildFile; fileRef = 358BCF5529783624000A7F9C /* ContentView.swift */; };
		358BCF5929783655000A7F9C /* MainView.swift in Sources */ = {isa = PBXBuildFile; fileRef = 358BCF5829783654000A7F9C /* MainView.swift */; };
		358BCF5C2978367F000A7F9C /* LoginView.swift in Sources */ = {isa = PBXBuildFile; fileRef = 358BCF5B2978367F000A7F9C /* LoginView.swift */; };
		358BCF60297839D8000A7F9C /* LoadingView.swift in Sources */ = {isa = PBXBuildFile; fileRef = 358BCF5F297839D8000A7F9C /* LoadingView.swift */; };
		358BCF62297839F6000A7F9C /* RegisterView.swift in Sources */ = {isa = PBXBuildFile; fileRef = 358BCF61297839F6000A7F9C /* RegisterView.swift */; };
		358BCF6529783A27000A7F9C /* View+Extension.swift in Sources */ = {isa = PBXBuildFile; fileRef = 358BCF6429783A27000A7F9C /* View+Extension.swift */; };
		358BCF6829783AA8000A7F9C /* BarterView.swift in Sources */ = {isa = PBXBuildFile; fileRef = 358BCF6729783AA8000A7F9C /* BarterView.swift */; };
		358BCF6D29783ACE000A7F9C /* AccountView.swift in Sources */ = {isa = PBXBuildFile; fileRef = 358BCF6C29783ACE000A7F9C /* AccountView.swift */; };
		358BCF712978609B000A7F9C /* ReusableProfileContent.swift in Sources */ = {isa = PBXBuildFile; fileRef = 358BCF702978609B000A7F9C /* ReusableProfileContent.swift */; };
		35E3FCE129787C1A00B2E97A /* GoogleService-Info.plist in Resources */ = {isa = PBXBuildFile; fileRef = 35E3FCE029787C1A00B2E97A /* GoogleService-Info.plist */; };
/* End PBXBuildFile section */

/* Begin PBXContainerItemProxy section */
		358BCF27297832A1000A7F9C /* PBXContainerItemProxy */ = {
			isa = PBXContainerItemProxy;
			containerPortal = 358BCF082978329F000A7F9C /* Project object */;
			proxyType = 1;
			remoteGlobalIDString = 358BCF0F2978329F000A7F9C;
			remoteInfo = Treaty;
		};
		358BCF31297832A1000A7F9C /* PBXContainerItemProxy */ = {
			isa = PBXContainerItemProxy;
			containerPortal = 358BCF082978329F000A7F9C /* Project object */;
			proxyType = 1;
			remoteGlobalIDString = 358BCF0F2978329F000A7F9C;
			remoteInfo = Treaty;
		};
/* End PBXContainerItemProxy section */

/* Begin PBXFileReference section */
		358BCF102978329F000A7F9C /* Treaty.app */ = {isa = PBXFileReference; explicitFileType = wrapper.application; includeInIndex = 0; path = Treaty.app; sourceTree = BUILT_PRODUCTS_DIR; };
		358BCF132978329F000A7F9C /* TreatyApp.swift */ = {isa = PBXFileReference; lastKnownFileType = sourcecode.swift; path = TreatyApp.swift; sourceTree = "<group>"; };
		358BCF152978329F000A7F9C /* Persistence.swift */ = {isa = PBXFileReference; lastKnownFileType = sourcecode.swift; path = Persistence.swift; sourceTree = "<group>"; };
		358BCF182978329F000A7F9C /* Treaty.xcdatamodel */ = {isa = PBXFileReference; lastKnownFileType = wrapper.xcdatamodel; path = Treaty.xcdatamodel; sourceTree = "<group>"; };
		358BCF1C297832A1000A7F9C /* Assets.xcassets */ = {isa = PBXFileReference; lastKnownFileType = folder.assetcatalog; path = Assets.xcassets; sourceTree = "<group>"; };
		358BCF1E297832A1000A7F9C /* Treaty.entitlements */ = {isa = PBXFileReference; lastKnownFileType = text.plist.entitlements; path = Treaty.entitlements; sourceTree = "<group>"; };
		358BCF20297832A1000A7F9C /* Preview Assets.xcassets */ = {isa = PBXFileReference; lastKnownFileType = folder.assetcatalog; path = "Preview Assets.xcassets"; sourceTree = "<group>"; };
		358BCF26297832A1000A7F9C /* TreatyTests.xctest */ = {isa = PBXFileReference; explicitFileType = wrapper.cfbundle; includeInIndex = 0; path = TreatyTests.xctest; sourceTree = BUILT_PRODUCTS_DIR; };
		358BCF2A297832A1000A7F9C /* TreatyTests.swift */ = {isa = PBXFileReference; lastKnownFileType = sourcecode.swift; path = TreatyTests.swift; sourceTree = "<group>"; };
		358BCF30297832A1000A7F9C /* TreatyUITests.xctest */ = {isa = PBXFileReference; explicitFileType = wrapper.cfbundle; includeInIndex = 0; path = TreatyUITests.xctest; sourceTree = BUILT_PRODUCTS_DIR; };
		358BCF34297832A1000A7F9C /* TreatyUITests.swift */ = {isa = PBXFileReference; lastKnownFileType = sourcecode.swift; path = TreatyUITests.swift; sourceTree = "<group>"; };
		358BCF36297832A1000A7F9C /* TreatyUITestsLaunchTests.swift */ = {isa = PBXFileReference; lastKnownFileType = sourcecode.swift; path = TreatyUITestsLaunchTests.swift; sourceTree = "<group>"; };
		358BCF4529783349000A7F9C /* UserModel.swift */ = {isa = PBXFileReference; lastKnownFileType = sourcecode.swift; path = UserModel.swift; sourceTree = "<group>"; };
		358BCF5529783624000A7F9C /* ContentView.swift */ = {isa = PBXFileReference; lastKnownFileType = sourcecode.swift; path = ContentView.swift; sourceTree = "<group>"; };
		358BCF5829783654000A7F9C /* MainView.swift */ = {isa = PBXFileReference; lastKnownFileType = sourcecode.swift; path = MainView.swift; sourceTree = "<group>"; };
		358BCF5B2978367F000A7F9C /* LoginView.swift */ = {isa = PBXFileReference; lastKnownFileType = sourcecode.swift; path = LoginView.swift; sourceTree = "<group>"; };
		358BCF5F297839D8000A7F9C /* LoadingView.swift */ = {isa = PBXFileReference; lastKnownFileType = sourcecode.swift; path = LoadingView.swift; sourceTree = "<group>"; };
		358BCF61297839F6000A7F9C /* RegisterView.swift */ = {isa = PBXFileReference; lastKnownFileType = sourcecode.swift; path = RegisterView.swift; sourceTree = "<group>"; };
		358BCF6429783A27000A7F9C /* View+Extension.swift */ = {isa = PBXFileReference; lastKnownFileType = sourcecode.swift; path = "View+Extension.swift"; sourceTree = "<group>"; };
		358BCF6729783AA8000A7F9C /* BarterView.swift */ = {isa = PBXFileReference; lastKnownFileType = sourcecode.swift; path = BarterView.swift; sourceTree = "<group>"; };
		358BCF6C29783ACE000A7F9C /* AccountView.swift */ = {isa = PBXFileReference; lastKnownFileType = sourcecode.swift; path = AccountView.swift; sourceTree = "<group>"; };
		358BCF702978609B000A7F9C /* ReusableProfileContent.swift */ = {isa = PBXFileReference; lastKnownFileType = sourcecode.swift; path = ReusableProfileContent.swift; sourceTree = "<group>"; };
		35E3FCE029787C1A00B2E97A /* GoogleService-Info.plist */ = {isa = PBXFileReference; fileEncoding = 4; lastKnownFileType = text.plist.xml; path = "GoogleService-Info.plist"; sourceTree = "<group>"; };
/* End PBXFileReference section */

/* Begin PBXFrameworksBuildPhase section */
		358BCF0D2978329F000A7F9C /* Frameworks */ = {
			isa = PBXFrameworksBuildPhase;
			buildActionMask = 2147483647;
			files = (
				358BCF52297833F9000A7F9C /* SDWebImageSwiftUI in Frameworks */,
				358BCF49297833C1000A7F9C /* FirebaseAuth in Frameworks */,
				358BCF4F297833C1000A7F9C /* FirebaseStorage in Frameworks */,
				358BCF4B297833C1000A7F9C /* FirebaseFirestore in Frameworks */,
				358BCF4D297833C1000A7F9C /* FirebaseFirestoreSwift in Frameworks */,
			);
			runOnlyForDeploymentPostprocessing = 0;
		};
		358BCF23297832A1000A7F9C /* Frameworks */ = {
			isa = PBXFrameworksBuildPhase;
			buildActionMask = 2147483647;
			files = (
			);
			runOnlyForDeploymentPostprocessing = 0;
		};
		358BCF2D297832A1000A7F9C /* Frameworks */ = {
			isa = PBXFrameworksBuildPhase;
			buildActionMask = 2147483647;
			files = (
			);
			runOnlyForDeploymentPostprocessing = 0;
		};
/* End PBXFrameworksBuildPhase section */

/* Begin PBXGroup section */
		358BCF072978329F000A7F9C = {
			isa = PBXGroup;
			children = (
				358BCF122978329F000A7F9C /* Treaty */,
				358BCF29297832A1000A7F9C /* TreatyTests */,
				358BCF33297832A1000A7F9C /* TreatyUITests */,
				358BCF112978329F000A7F9C /* Products */,
			);
			sourceTree = "<group>";
		};
		358BCF112978329F000A7F9C /* Products */ = {
			isa = PBXGroup;
			children = (
				358BCF102978329F000A7F9C /* Treaty.app */,
				358BCF26297832A1000A7F9C /* TreatyTests.xctest */,
				358BCF30297832A1000A7F9C /* TreatyUITests.xctest */,
			);
			name = Products;
			sourceTree = "<group>";
		};
		358BCF122978329F000A7F9C /* Treaty */ = {
			isa = PBXGroup;
			children = (
				35E3FCE029787C1A00B2E97A /* GoogleService-Info.plist */,
				358BCF4429783325000A7F9C /* Views */,
				358BCF432978331D000A7F9C /* Model */,
				358BCF132978329F000A7F9C /* TreatyApp.swift */,
				358BCF152978329F000A7F9C /* Persistence.swift */,
				358BCF1C297832A1000A7F9C /* Assets.xcassets */,
				358BCF1E297832A1000A7F9C /* Treaty.entitlements */,
				358BCF172978329F000A7F9C /* Treaty.xcdatamodeld */,
				358BCF1F297832A1000A7F9C /* Preview Content */,
			);
			path = Treaty;
			sourceTree = "<group>";
		};
		358BCF1F297832A1000A7F9C /* Preview Content */ = {
			isa = PBXGroup;
			children = (
				358BCF20297832A1000A7F9C /* Preview Assets.xcassets */,
			);
			path = "Preview Content";
			sourceTree = "<group>";
		};
		358BCF29297832A1000A7F9C /* TreatyTests */ = {
			isa = PBXGroup;
			children = (
				358BCF2A297832A1000A7F9C /* TreatyTests.swift */,
			);
			path = TreatyTests;
			sourceTree = "<group>";
		};
		358BCF33297832A1000A7F9C /* TreatyUITests */ = {
			isa = PBXGroup;
			children = (
				358BCF34297832A1000A7F9C /* TreatyUITests.swift */,
				358BCF36297832A1000A7F9C /* TreatyUITestsLaunchTests.swift */,
			);
			path = TreatyUITests;
			sourceTree = "<group>";
		};
		358BCF432978331D000A7F9C /* Model */ = {
			isa = PBXGroup;
			children = (
				358BCF4529783349000A7F9C /* UserModel.swift */,
			);
			path = Model;
			sourceTree = "<group>";
		};
		358BCF4429783325000A7F9C /* Views */ = {
			isa = PBXGroup;
			children = (
				358BCF6929783AB9000A7F9C /* AccountView */,
				358BCF6629783A9C000A7F9C /* Barter View */,
				358BCF6329783A12000A7F9C /* Helpers */,
				358BCF5A29783676000A7F9C /* Login View */,
				358BCF5729783648000A7F9C /* Main View */,
				358BCF5529783624000A7F9C /* ContentView.swift */,
				358BCF5F297839D8000A7F9C /* LoadingView.swift */,
			);
			path = Views;
			sourceTree = "<group>";
		};
		358BCF5729783648000A7F9C /* Main View */ = {
			isa = PBXGroup;
			children = (
				358BCF5829783654000A7F9C /* MainView.swift */,
			);
			path = "Main View";
			sourceTree = "<group>";
		};
		358BCF5A29783676000A7F9C /* Login View */ = {
			isa = PBXGroup;
			children = (
				358BCF5B2978367F000A7F9C /* LoginView.swift */,
				358BCF61297839F6000A7F9C /* RegisterView.swift */,
			);
			path = "Login View";
			sourceTree = "<group>";
		};
		358BCF6329783A12000A7F9C /* Helpers */ = {
			isa = PBXGroup;
			children = (
				358BCF6429783A27000A7F9C /* View+Extension.swift */,
			);
			path = Helpers;
			sourceTree = "<group>";
		};
		358BCF6629783A9C000A7F9C /* Barter View */ = {
			isa = PBXGroup;
			children = (
				358BCF6729783AA8000A7F9C /* BarterView.swift */,
			);
			path = "Barter View";
			sourceTree = "<group>";
		};
		358BCF6929783AB9000A7F9C /* AccountView */ = {
			isa = PBXGroup;
			children = (
				358BCF6C29783ACE000A7F9C /* AccountView.swift */,
				358BCF702978609B000A7F9C /* ReusableProfileContent.swift */,
			);
			path = AccountView;
			sourceTree = "<group>";
		};
/* End PBXGroup section */

/* Begin PBXNativeTarget section */
		358BCF0F2978329F000A7F9C /* Treaty */ = {
			isa = PBXNativeTarget;
			buildConfigurationList = 358BCF3A297832A1000A7F9C /* Build configuration list for PBXNativeTarget "Treaty" */;
			buildPhases = (
				358BCF0C2978329F000A7F9C /* Sources */,
				358BCF0D2978329F000A7F9C /* Frameworks */,
				358BCF0E2978329F000A7F9C /* Resources */,
			);
			buildRules = (
			);
			dependencies = (
			);
			name = Treaty;
			packageProductDependencies = (
				358BCF48297833C1000A7F9C /* FirebaseAuth */,
				358BCF4A297833C1000A7F9C /* FirebaseFirestore */,
				358BCF4C297833C1000A7F9C /* FirebaseFirestoreSwift */,
				358BCF4E297833C1000A7F9C /* FirebaseStorage */,
				358BCF51297833F9000A7F9C /* SDWebImageSwiftUI */,
			);
			productName = Treaty;
			productReference = 358BCF102978329F000A7F9C /* Treaty.app */;
			productType = "com.apple.product-type.application";
		};
		358BCF25297832A1000A7F9C /* TreatyTests */ = {
			isa = PBXNativeTarget;
			buildConfigurationList = 358BCF3D297832A1000A7F9C /* Build configuration list for PBXNativeTarget "TreatyTests" */;
			buildPhases = (
				358BCF22297832A1000A7F9C /* Sources */,
				358BCF23297832A1000A7F9C /* Frameworks */,
				358BCF24297832A1000A7F9C /* Resources */,
			);
			buildRules = (
			);
			dependencies = (
				358BCF28297832A1000A7F9C /* PBXTargetDependency */,
			);
			name = TreatyTests;
			productName = TreatyTests;
			productReference = 358BCF26297832A1000A7F9C /* TreatyTests.xctest */;
			productType = "com.apple.product-type.bundle.unit-test";
		};
		358BCF2F297832A1000A7F9C /* TreatyUITests */ = {
			isa = PBXNativeTarget;
			buildConfigurationList = 358BCF40297832A1000A7F9C /* Build configuration list for PBXNativeTarget "TreatyUITests" */;
			buildPhases = (
				358BCF2C297832A1000A7F9C /* Sources */,
				358BCF2D297832A1000A7F9C /* Frameworks */,
				358BCF2E297832A1000A7F9C /* Resources */,
			);
			buildRules = (
			);
			dependencies = (
				358BCF32297832A1000A7F9C /* PBXTargetDependency */,
			);
			name = TreatyUITests;
			productName = TreatyUITests;
			productReference = 358BCF30297832A1000A7F9C /* TreatyUITests.xctest */;
			productType = "com.apple.product-type.bundle.ui-testing";
		};
/* End PBXNativeTarget section */

/* Begin PBXProject section */
		358BCF082978329F000A7F9C /* Project object */ = {
			isa = PBXProject;
			attributes = {
				BuildIndependentTargetsInParallel = 1;
				LastSwiftUpdateCheck = 1420;
				LastUpgradeCheck = 1420;
				TargetAttributes = {
					358BCF0F2978329F000A7F9C = {
						CreatedOnToolsVersion = 14.2;
					};
					358BCF25297832A1000A7F9C = {
						CreatedOnToolsVersion = 14.2;
						TestTargetID = 358BCF0F2978329F000A7F9C;
					};
					358BCF2F297832A1000A7F9C = {
						CreatedOnToolsVersion = 14.2;
						TestTargetID = 358BCF0F2978329F000A7F9C;
					};
				};
			};
			buildConfigurationList = 358BCF0B2978329F000A7F9C /* Build configuration list for PBXProject "Treaty" */;
			compatibilityVersion = "Xcode 14.0";
			developmentRegion = en;
			hasScannedForEncodings = 0;
			knownRegions = (
				en,
				Base,
			);
			mainGroup = 358BCF072978329F000A7F9C;
			packageReferences = (
				358BCF47297833C1000A7F9C /* XCRemoteSwiftPackageReference "firebase-ios-sdk" */,
				358BCF50297833F9000A7F9C /* XCRemoteSwiftPackageReference "SDWebImageSwiftUI" */,
			);
			productRefGroup = 358BCF112978329F000A7F9C /* Products */;
			projectDirPath = "";
			projectRoot = "";
			targets = (
				358BCF0F2978329F000A7F9C /* Treaty */,
				358BCF25297832A1000A7F9C /* TreatyTests */,
				358BCF2F297832A1000A7F9C /* TreatyUITests */,
			);
		};
/* End PBXProject section */

/* Begin PBXResourcesBuildPhase section */
		358BCF0E2978329F000A7F9C /* Resources */ = {
			isa = PBXResourcesBuildPhase;
			buildActionMask = 2147483647;
			files = (
				358BCF21297832A1000A7F9C /* Preview Assets.xcassets in Resources */,
				358BCF1D297832A1000A7F9C /* Assets.xcassets in Resources */,
				35E3FCE129787C1A00B2E97A /* GoogleService-Info.plist in Resources */,
			);
			runOnlyForDeploymentPostprocessing = 0;
		};
		358BCF24297832A1000A7F9C /* Resources */ = {
			isa = PBXResourcesBuildPhase;
			buildActionMask = 2147483647;
			files = (
			);
			runOnlyForDeploymentPostprocessing = 0;
		};
		358BCF2E297832A1000A7F9C /* Resources */ = {
			isa = PBXResourcesBuildPhase;
			buildActionMask = 2147483647;
			files = (
			);
			runOnlyForDeploymentPostprocessing = 0;
		};
/* End PBXResourcesBuildPhase section */

/* Begin PBXSourcesBuildPhase section */
		358BCF0C2978329F000A7F9C /* Sources */ = {
			isa = PBXSourcesBuildPhase;
			buildActionMask = 2147483647;
			files = (
				358BCF192978329F000A7F9C /* Treaty.xcdatamodeld in Sources */,
				358BCF62297839F6000A7F9C /* RegisterView.swift in Sources */,
				358BCF5929783655000A7F9C /* MainView.swift in Sources */,
				358BCF142978329F000A7F9C /* TreatyApp.swift in Sources */,
				358BCF712978609B000A7F9C /* ReusableProfileContent.swift in Sources */,
				358BCF5629783624000A7F9C /* ContentView.swift in Sources */,
				358BCF4629783349000A7F9C /* UserModel.swift in Sources */,
				358BCF6529783A27000A7F9C /* View+Extension.swift in Sources */,
				358BCF5C2978367F000A7F9C /* LoginView.swift in Sources */,
				358BCF162978329F000A7F9C /* Persistence.swift in Sources */,
				358BCF6829783AA8000A7F9C /* BarterView.swift in Sources */,
				358BCF6D29783ACE000A7F9C /* AccountView.swift in Sources */,
				358BCF60297839D8000A7F9C /* LoadingView.swift in Sources */,
			);
			runOnlyForDeploymentPostprocessing = 0;
		};
		358BCF22297832A1000A7F9C /* Sources */ = {
			isa = PBXSourcesBuildPhase;
			buildActionMask = 2147483647;
			files = (
				358BCF2B297832A1000A7F9C /* TreatyTests.swift in Sources */,
			);
			runOnlyForDeploymentPostprocessing = 0;
		};
		358BCF2C297832A1000A7F9C /* Sources */ = {
			isa = PBXSourcesBuildPhase;
			buildActionMask = 2147483647;
			files = (
				358BCF35297832A1000A7F9C /* TreatyUITests.swift in Sources */,
				358BCF37297832A1000A7F9C /* TreatyUITestsLaunchTests.swift in Sources */,
			);
			runOnlyForDeploymentPostprocessing = 0;
		};
/* End PBXSourcesBuildPhase section */

/* Begin PBXTargetDependency section */
		358BCF28297832A1000A7F9C /* PBXTargetDependency */ = {
			isa = PBXTargetDependency;
			target = 358BCF0F2978329F000A7F9C /* Treaty */;
			targetProxy = 358BCF27297832A1000A7F9C /* PBXContainerItemProxy */;
		};
		358BCF32297832A1000A7F9C /* PBXTargetDependency */ = {
			isa = PBXTargetDependency;
			target = 358BCF0F2978329F000A7F9C /* Treaty */;
			targetProxy = 358BCF31297832A1000A7F9C /* PBXContainerItemProxy */;
		};
/* End PBXTargetDependency section */

/* Begin XCBuildConfiguration section */
		358BCF38297832A1000A7F9C /* Debug */ = {
			isa = XCBuildConfiguration;
			buildSettings = {
				ALWAYS_SEARCH_USER_PATHS = NO;
				CLANG_ANALYZER_NONNULL = YES;
				CLANG_ANALYZER_NUMBER_OBJECT_CONVERSION = YES_AGGRESSIVE;
				CLANG_CXX_LANGUAGE_STANDARD = "gnu++20";
				CLANG_ENABLE_MODULES = YES;
				CLANG_ENABLE_OBJC_ARC = YES;
				CLANG_ENABLE_OBJC_WEAK = YES;
				CLANG_WARN_BLOCK_CAPTURE_AUTORELEASING = YES;
				CLANG_WARN_BOOL_CONVERSION = YES;
				CLANG_WARN_COMMA = YES;
				CLANG_WARN_CONSTANT_CONVERSION = YES;
				CLANG_WARN_DEPRECATED_OBJC_IMPLEMENTATIONS = YES;
				CLANG_WARN_DIRECT_OBJC_ISA_USAGE = YES_ERROR;
				CLANG_WARN_DOCUMENTATION_COMMENTS = YES;
				CLANG_WARN_EMPTY_BODY = YES;
				CLANG_WARN_ENUM_CONVERSION = YES;
				CLANG_WARN_INFINITE_RECURSION = YES;
				CLANG_WARN_INT_CONVERSION = YES;
				CLANG_WARN_NON_LITERAL_NULL_CONVERSION = YES;
				CLANG_WARN_OBJC_IMPLICIT_RETAIN_SELF = YES;
				CLANG_WARN_OBJC_LITERAL_CONVERSION = YES;
				CLANG_WARN_OBJC_ROOT_CLASS = YES_ERROR;
				CLANG_WARN_QUOTED_INCLUDE_IN_FRAMEWORK_HEADER = YES;
				CLANG_WARN_RANGE_LOOP_ANALYSIS = YES;
				CLANG_WARN_STRICT_PROTOTYPES = YES;
				CLANG_WARN_SUSPICIOUS_MOVE = YES;
				CLANG_WARN_UNGUARDED_AVAILABILITY = YES_AGGRESSIVE;
				CLANG_WARN_UNREACHABLE_CODE = YES;
				CLANG_WARN__DUPLICATE_METHOD_MATCH = YES;
				COPY_PHASE_STRIP = NO;
				DEBUG_INFORMATION_FORMAT = dwarf;
				ENABLE_STRICT_OBJC_MSGSEND = YES;
				ENABLE_TESTABILITY = YES;
				GCC_C_LANGUAGE_STANDARD = gnu11;
				GCC_DYNAMIC_NO_PIC = NO;
				GCC_NO_COMMON_BLOCKS = YES;
				GCC_OPTIMIZATION_LEVEL = 0;
				GCC_PREPROCESSOR_DEFINITIONS = (
					"DEBUG=1",
					"$(inherited)",
				);
				GCC_WARN_64_TO_32_BIT_CONVERSION = YES;
				GCC_WARN_ABOUT_RETURN_TYPE = YES_ERROR;
				GCC_WARN_UNDECLARED_SELECTOR = YES;
				GCC_WARN_UNINITIALIZED_AUTOS = YES_AGGRESSIVE;
				GCC_WARN_UNUSED_FUNCTION = YES;
				GCC_WARN_UNUSED_VARIABLE = YES;
				MTL_ENABLE_DEBUG_INFO = INCLUDE_SOURCE;
				MTL_FAST_MATH = YES;
				ONLY_ACTIVE_ARCH = YES;
				SDKROOT = iphoneos;
				SWIFT_ACTIVE_COMPILATION_CONDITIONS = DEBUG;
				SWIFT_OPTIMIZATION_LEVEL = "-Onone";
			};
			name = Debug;
		};
		358BCF39297832A1000A7F9C /* Release */ = {
			isa = XCBuildConfiguration;
			buildSettings = {
				ALWAYS_SEARCH_USER_PATHS = NO;
				CLANG_ANALYZER_NONNULL = YES;
				CLANG_ANALYZER_NUMBER_OBJECT_CONVERSION = YES_AGGRESSIVE;
				CLANG_CXX_LANGUAGE_STANDARD = "gnu++20";
				CLANG_ENABLE_MODULES = YES;
				CLANG_ENABLE_OBJC_ARC = YES;
				CLANG_ENABLE_OBJC_WEAK = YES;
				CLANG_WARN_BLOCK_CAPTURE_AUTORELEASING = YES;
				CLANG_WARN_BOOL_CONVERSION = YES;
				CLANG_WARN_COMMA = YES;
				CLANG_WARN_CONSTANT_CONVERSION = YES;
				CLANG_WARN_DEPRECATED_OBJC_IMPLEMENTATIONS = YES;
				CLANG_WARN_DIRECT_OBJC_ISA_USAGE = YES_ERROR;
				CLANG_WARN_DOCUMENTATION_COMMENTS = YES;
				CLANG_WARN_EMPTY_BODY = YES;
				CLANG_WARN_ENUM_CONVERSION = YES;
				CLANG_WARN_INFINITE_RECURSION = YES;
				CLANG_WARN_INT_CONVERSION = YES;
				CLANG_WARN_NON_LITERAL_NULL_CONVERSION = YES;
				CLANG_WARN_OBJC_IMPLICIT_RETAIN_SELF = YES;
				CLANG_WARN_OBJC_LITERAL_CONVERSION = YES;
				CLANG_WARN_OBJC_ROOT_CLASS = YES_ERROR;
				CLANG_WARN_QUOTED_INCLUDE_IN_FRAMEWORK_HEADER = YES;
				CLANG_WARN_RANGE_LOOP_ANALYSIS = YES;
				CLANG_WARN_STRICT_PROTOTYPES = YES;
				CLANG_WARN_SUSPICIOUS_MOVE = YES;
				CLANG_WARN_UNGUARDED_AVAILABILITY = YES_AGGRESSIVE;
				CLANG_WARN_UNREACHABLE_CODE = YES;
				CLANG_WARN__DUPLICATE_METHOD_MATCH = YES;
				COPY_PHASE_STRIP = NO;
				DEBUG_INFORMATION_FORMAT = "dwarf-with-dsym";
				ENABLE_NS_ASSERTIONS = NO;
				ENABLE_STRICT_OBJC_MSGSEND = YES;
				GCC_C_LANGUAGE_STANDARD = gnu11;
				GCC_NO_COMMON_BLOCKS = YES;
				GCC_WARN_64_TO_32_BIT_CONVERSION = YES;
				GCC_WARN_ABOUT_RETURN_TYPE = YES_ERROR;
				GCC_WARN_UNDECLARED_SELECTOR = YES;
				GCC_WARN_UNINITIALIZED_AUTOS = YES_AGGRESSIVE;
				GCC_WARN_UNUSED_FUNCTION = YES;
				GCC_WARN_UNUSED_VARIABLE = YES;
				MTL_ENABLE_DEBUG_INFO = NO;
				MTL_FAST_MATH = YES;
				SDKROOT = iphoneos;
				SWIFT_COMPILATION_MODE = wholemodule;
				SWIFT_OPTIMIZATION_LEVEL = "-O";
			};
			name = Release;
		};
		358BCF3B297832A1000A7F9C /* Debug */ = {
			isa = XCBuildConfiguration;
			buildSettings = {
				ASSETCATALOG_COMPILER_APPICON_NAME = AppIcon;
				ASSETCATALOG_COMPILER_GLOBAL_ACCENT_COLOR_NAME = AccentColor;
				CODE_SIGN_ENTITLEMENTS = Treaty/Treaty.entitlements;
				CODE_SIGN_STYLE = Automatic;
				CURRENT_PROJECT_VERSION = 1;
				DEVELOPMENT_ASSET_PATHS = "\"Treaty/Preview Content\"";
				DEVELOPMENT_TEAM = 87A6J7UY87;
				ENABLE_HARDENED_RUNTIME = YES;
				ENABLE_PREVIEWS = YES;
				GENERATE_INFOPLIST_FILE = YES;
				INFOPLIST_FILE = Treaty/Info.plist;
				INFOPLIST_KEY_CFBundleDisplayName = Treaty;
				INFOPLIST_KEY_LSApplicationCategoryType = "public.app-category.lifestyle";
				INFOPLIST_KEY_UIApplicationSceneManifest_Generation = YES;
				"INFOPLIST_KEY_UIApplicationSceneManifest_Generation[sdk=iphoneos*]" = YES;
				"INFOPLIST_KEY_UIApplicationSceneManifest_Generation[sdk=iphonesimulator*]" = YES;
				INFOPLIST_KEY_UIApplicationSupportsIndirectInputEvents = YES;
				"INFOPLIST_KEY_UIApplicationSupportsIndirectInputEvents[sdk=iphoneos*]" = YES;
				"INFOPLIST_KEY_UIApplicationSupportsIndirectInputEvents[sdk=iphonesimulator*]" = YES;
				INFOPLIST_KEY_UILaunchScreen_Generation = YES;
				"INFOPLIST_KEY_UILaunchScreen_Generation[sdk=iphoneos*]" = YES;
				"INFOPLIST_KEY_UILaunchScreen_Generation[sdk=iphonesimulator*]" = YES;
				INFOPLIST_KEY_UIStatusBarStyle = UIStatusBarStyleDefault;
				"INFOPLIST_KEY_UIStatusBarStyle[sdk=iphoneos*]" = UIStatusBarStyleDefault;
				"INFOPLIST_KEY_UIStatusBarStyle[sdk=iphonesimulator*]" = UIStatusBarStyleDefault;
				INFOPLIST_KEY_UISupportedInterfaceOrientations_iPad = "UIInterfaceOrientationPortrait UIInterfaceOrientationPortraitUpsideDown UIInterfaceOrientationLandscapeLeft UIInterfaceOrientationLandscapeRight";
				INFOPLIST_KEY_UISupportedInterfaceOrientations_iPhone = "UIInterfaceOrientationPortrait UIInterfaceOrientationLandscapeLeft UIInterfaceOrientationLandscapeRight";
				IPHONEOS_DEPLOYMENT_TARGET = 16.2;
				LD_RUNPATH_SEARCH_PATHS = "@executable_path/Frameworks";
				"LD_RUNPATH_SEARCH_PATHS[sdk=macosx*]" = "@executable_path/../Frameworks";
				MACOSX_DEPLOYMENT_TARGET = 13.1;
				MARKETING_VERSION = 1.0;
				PRODUCT_BUNDLE_IDENTIFIER = com.losyetis.Treaty;
				PRODUCT_NAME = "$(TARGET_NAME)";
				SDKROOT = iphoneos;
				SUPPORTED_PLATFORMS = "iphonesimulator iphoneos";
				SWIFT_EMIT_LOC_STRINGS = YES;
				SWIFT_VERSION = 5.0;
				TARGETED_DEVICE_FAMILY = "1,2";
			};
			name = Debug;
		};
		358BCF3C297832A1000A7F9C /* Release */ = {
			isa = XCBuildConfiguration;
			buildSettings = {
				ASSETCATALOG_COMPILER_APPICON_NAME = AppIcon;
				ASSETCATALOG_COMPILER_GLOBAL_ACCENT_COLOR_NAME = AccentColor;
				CODE_SIGN_ENTITLEMENTS = Treaty/Treaty.entitlements;
				CODE_SIGN_STYLE = Automatic;
				CURRENT_PROJECT_VERSION = 1;
				DEVELOPMENT_ASSET_PATHS = "\"Treaty/Preview Content\"";
				DEVELOPMENT_TEAM = 87A6J7UY87;
				ENABLE_HARDENED_RUNTIME = YES;
				ENABLE_PREVIEWS = YES;
				GENERATE_INFOPLIST_FILE = YES;
				INFOPLIST_FILE = Treaty/Info.plist;
				INFOPLIST_KEY_CFBundleDisplayName = Treaty;
				INFOPLIST_KEY_LSApplicationCategoryType = "public.app-category.lifestyle";
				INFOPLIST_KEY_UIApplicationSceneManifest_Generation = YES;
				"INFOPLIST_KEY_UIApplicationSceneManifest_Generation[sdk=iphoneos*]" = YES;
				"INFOPLIST_KEY_UIApplicationSceneManifest_Generation[sdk=iphonesimulator*]" = YES;
				INFOPLIST_KEY_UIApplicationSupportsIndirectInputEvents = YES;
				"INFOPLIST_KEY_UIApplicationSupportsIndirectInputEvents[sdk=iphoneos*]" = YES;
				"INFOPLIST_KEY_UIApplicationSupportsIndirectInputEvents[sdk=iphonesimulator*]" = YES;
				INFOPLIST_KEY_UILaunchScreen_Generation = YES;
				"INFOPLIST_KEY_UILaunchScreen_Generation[sdk=iphoneos*]" = YES;
				"INFOPLIST_KEY_UILaunchScreen_Generation[sdk=iphonesimulator*]" = YES;
				INFOPLIST_KEY_UIStatusBarStyle = UIStatusBarStyleDefault;
				"INFOPLIST_KEY_UIStatusBarStyle[sdk=iphoneos*]" = UIStatusBarStyleDefault;
				"INFOPLIST_KEY_UIStatusBarStyle[sdk=iphonesimulator*]" = UIStatusBarStyleDefault;
				INFOPLIST_KEY_UISupportedInterfaceOrientations_iPad = "UIInterfaceOrientationPortrait UIInterfaceOrientationPortraitUpsideDown UIInterfaceOrientationLandscapeLeft UIInterfaceOrientationLandscapeRight";
				INFOPLIST_KEY_UISupportedInterfaceOrientations_iPhone = "UIInterfaceOrientationPortrait UIInterfaceOrientationLandscapeLeft UIInterfaceOrientationLandscapeRight";
				IPHONEOS_DEPLOYMENT_TARGET = 16.2;
				LD_RUNPATH_SEARCH_PATHS = "@executable_path/Frameworks";
				"LD_RUNPATH_SEARCH_PATHS[sdk=macosx*]" = "@executable_path/../Frameworks";
				MACOSX_DEPLOYMENT_TARGET = 13.1;
				MARKETING_VERSION = 1.0;
				PRODUCT_BUNDLE_IDENTIFIER = com.losyetis.Treaty;
				PRODUCT_NAME = "$(TARGET_NAME)";
				SDKROOT = iphoneos;
				SUPPORTED_PLATFORMS = "iphonesimulator iphoneos";
				SWIFT_EMIT_LOC_STRINGS = YES;
				SWIFT_VERSION = 5.0;
				TARGETED_DEVICE_FAMILY = "1,2";
			};
			name = Release;
		};
		358BCF3E297832A1000A7F9C /* Debug */ = {
			isa = XCBuildConfiguration;
			buildSettings = {
				ALWAYS_EMBED_SWIFT_STANDARD_LIBRARIES = YES;
				BUNDLE_LOADER = "$(TEST_HOST)";
				CODE_SIGN_STYLE = Automatic;
				CURRENT_PROJECT_VERSION = 1;
				DEVELOPMENT_TEAM = 87A6J7UY87;
				GENERATE_INFOPLIST_FILE = YES;
				IPHONEOS_DEPLOYMENT_TARGET = 16.2;
				MACOSX_DEPLOYMENT_TARGET = 13.1;
				MARKETING_VERSION = 1.0;
				PRODUCT_BUNDLE_IDENTIFIER = com.losyetis.TreatyTests;
				PRODUCT_NAME = "$(TARGET_NAME)";
				SDKROOT = auto;
				SUPPORTED_PLATFORMS = "iphoneos iphonesimulator macosx";
				SWIFT_EMIT_LOC_STRINGS = NO;
				SWIFT_VERSION = 5.0;
				TARGETED_DEVICE_FAMILY = "1,2";
				TEST_HOST = "$(BUILT_PRODUCTS_DIR)/Treaty.app/$(BUNDLE_EXECUTABLE_FOLDER_PATH)/Treaty";
			};
			name = Debug;
		};
		358BCF3F297832A1000A7F9C /* Release */ = {
			isa = XCBuildConfiguration;
			buildSettings = {
				ALWAYS_EMBED_SWIFT_STANDARD_LIBRARIES = YES;
				BUNDLE_LOADER = "$(TEST_HOST)";
				CODE_SIGN_STYLE = Automatic;
				CURRENT_PROJECT_VERSION = 1;
				DEVELOPMENT_TEAM = 87A6J7UY87;
				GENERATE_INFOPLIST_FILE = YES;
				IPHONEOS_DEPLOYMENT_TARGET = 16.2;
				MACOSX_DEPLOYMENT_TARGET = 13.1;
				MARKETING_VERSION = 1.0;
				PRODUCT_BUNDLE_IDENTIFIER = com.losyetis.TreatyTests;
				PRODUCT_NAME = "$(TARGET_NAME)";
				SDKROOT = auto;
				SUPPORTED_PLATFORMS = "iphoneos iphonesimulator macosx";
				SWIFT_EMIT_LOC_STRINGS = NO;
				SWIFT_VERSION = 5.0;
				TARGETED_DEVICE_FAMILY = "1,2";
				TEST_HOST = "$(BUILT_PRODUCTS_DIR)/Treaty.app/$(BUNDLE_EXECUTABLE_FOLDER_PATH)/Treaty";
			};
			name = Release;
		};
		358BCF41297832A1000A7F9C /* Debug */ = {
			isa = XCBuildConfiguration;
			buildSettings = {
				ALWAYS_EMBED_SWIFT_STANDARD_LIBRARIES = YES;
				CODE_SIGN_STYLE = Automatic;
				CURRENT_PROJECT_VERSION = 1;
				DEVELOPMENT_TEAM = 87A6J7UY87;
				GENERATE_INFOPLIST_FILE = YES;
				IPHONEOS_DEPLOYMENT_TARGET = 16.2;
				MACOSX_DEPLOYMENT_TARGET = 13.1;
				MARKETING_VERSION = 1.0;
				PRODUCT_BUNDLE_IDENTIFIER = com.losyetis.TreatyUITests;
				PRODUCT_NAME = "$(TARGET_NAME)";
				SDKROOT = auto;
				SUPPORTED_PLATFORMS = "iphoneos iphonesimulator macosx";
				SWIFT_EMIT_LOC_STRINGS = NO;
				SWIFT_VERSION = 5.0;
				TARGETED_DEVICE_FAMILY = "1,2";
				TEST_TARGET_NAME = Treaty;
			};
			name = Debug;
		};
		358BCF42297832A1000A7F9C /* Release */ = {
			isa = XCBuildConfiguration;
			buildSettings = {
				ALWAYS_EMBED_SWIFT_STANDARD_LIBRARIES = YES;
				CODE_SIGN_STYLE = Automatic;
				CURRENT_PROJECT_VERSION = 1;
				DEVELOPMENT_TEAM = 87A6J7UY87;
				GENERATE_INFOPLIST_FILE = YES;
				IPHONEOS_DEPLOYMENT_TARGET = 16.2;
				MACOSX_DEPLOYMENT_TARGET = 13.1;
				MARKETING_VERSION = 1.0;
				PRODUCT_BUNDLE_IDENTIFIER = com.losyetis.TreatyUITests;
				PRODUCT_NAME = "$(TARGET_NAME)";
				SDKROOT = auto;
				SUPPORTED_PLATFORMS = "iphoneos iphonesimulator macosx";
				SWIFT_EMIT_LOC_STRINGS = NO;
				SWIFT_VERSION = 5.0;
				TARGETED_DEVICE_FAMILY = "1,2";
				TEST_TARGET_NAME = Treaty;
			};
			name = Release;
		};
/* End XCBuildConfiguration section */

/* Begin XCConfigurationList section */
		358BCF0B2978329F000A7F9C /* Build configuration list for PBXProject "Treaty" */ = {
			isa = XCConfigurationList;
			buildConfigurations = (
				358BCF38297832A1000A7F9C /* Debug */,
				358BCF39297832A1000A7F9C /* Release */,
			);
			defaultConfigurationIsVisible = 0;
			defaultConfigurationName = Release;
		};
		358BCF3A297832A1000A7F9C /* Build configuration list for PBXNativeTarget "Treaty" */ = {
			isa = XCConfigurationList;
			buildConfigurations = (
				358BCF3B297832A1000A7F9C /* Debug */,
				358BCF3C297832A1000A7F9C /* Release */,
			);
			defaultConfigurationIsVisible = 0;
			defaultConfigurationName = Release;
		};
		358BCF3D297832A1000A7F9C /* Build configuration list for PBXNativeTarget "TreatyTests" */ = {
			isa = XCConfigurationList;
			buildConfigurations = (
				358BCF3E297832A1000A7F9C /* Debug */,
				358BCF3F297832A1000A7F9C /* Release */,
			);
			defaultConfigurationIsVisible = 0;
			defaultConfigurationName = Release;
		};
		358BCF40297832A1000A7F9C /* Build configuration list for PBXNativeTarget "TreatyUITests" */ = {
			isa = XCConfigurationList;
			buildConfigurations = (
				358BCF41297832A1000A7F9C /* Debug */,
				358BCF42297832A1000A7F9C /* Release */,
			);
			defaultConfigurationIsVisible = 0;
			defaultConfigurationName = Release;
		};
/* End XCConfigurationList section */

/* Begin XCRemoteSwiftPackageReference section */
		358BCF47297833C1000A7F9C /* XCRemoteSwiftPackageReference "firebase-ios-sdk" */ = {
			isa = XCRemoteSwiftPackageReference;
			repositoryURL = "https://github.com/firebase/firebase-ios-sdk";
			requirement = {
				kind = upToNextMajorVersion;
				minimumVersion = 9.0.0;
			};
		};
		358BCF50297833F9000A7F9C /* XCRemoteSwiftPackageReference "SDWebImageSwiftUI" */ = {
			isa = XCRemoteSwiftPackageReference;
			repositoryURL = "https://github.com/SDWebImage/SDWebImageSwiftUI";
			requirement = {
				kind = upToNextMajorVersion;
				minimumVersion = 2.0.0;
			};
		};
/* End XCRemoteSwiftPackageReference section */

/* Begin XCSwiftPackageProductDependency section */
		358BCF48297833C1000A7F9C /* FirebaseAuth */ = {
			isa = XCSwiftPackageProductDependency;
			package = 358BCF47297833C1000A7F9C /* XCRemoteSwiftPackageReference "firebase-ios-sdk" */;
			productName = FirebaseAuth;
		};
		358BCF4A297833C1000A7F9C /* FirebaseFirestore */ = {
			isa = XCSwiftPackageProductDependency;
			package = 358BCF47297833C1000A7F9C /* XCRemoteSwiftPackageReference "firebase-ios-sdk" */;
			productName = FirebaseFirestore;
		};
		358BCF4C297833C1000A7F9C /* FirebaseFirestoreSwift */ = {
			isa = XCSwiftPackageProductDependency;
			package = 358BCF47297833C1000A7F9C /* XCRemoteSwiftPackageReference "firebase-ios-sdk" */;
			productName = FirebaseFirestoreSwift;
		};
		358BCF4E297833C1000A7F9C /* FirebaseStorage */ = {
			isa = XCSwiftPackageProductDependency;
			package = 358BCF47297833C1000A7F9C /* XCRemoteSwiftPackageReference "firebase-ios-sdk" */;
			productName = FirebaseStorage;
		};
		358BCF51297833F9000A7F9C /* SDWebImageSwiftUI */ = {
			isa = XCSwiftPackageProductDependency;
			package = 358BCF50297833F9000A7F9C /* XCRemoteSwiftPackageReference "SDWebImageSwiftUI" */;
			productName = SDWebImageSwiftUI;
		};
/* End XCSwiftPackageProductDependency section */

/* Begin XCVersionGroup section */
		358BCF172978329F000A7F9C /* Treaty.xcdatamodeld */ = {
			isa = XCVersionGroup;
			children = (
				358BCF182978329F000A7F9C /* Treaty.xcdatamodel */,
			);
			currentVersion = 358BCF182978329F000A7F9C /* Treaty.xcdatamodel */;
			path = Treaty.xcdatamodeld;
			sourceTree = "<group>";
			versionGroupType = wrapper.xcdatamodel;
		};
/* End XCVersionGroup section */
	};
	rootObject = 358BCF082978329F000A7F9C /* Project object */;
}
