// !$*UTF8*$!
{
	archiveVersion = 1;
	classes = {
	};
	objectVersion = 56;
	objects = {

/* Begin PBXBuildFile section */
		3506E03F2980139F005F0771 /* PartnerModel.swift in Sources */ = {isa = PBXBuildFile; fileRef = 3506E03E2980139F005F0771 /* PartnerModel.swift */; };
		3506E0412980262A005F0771 /* AddPartnerView.swift in Sources */ = {isa = PBXBuildFile; fileRef = 3506E0402980262A005F0771 /* AddPartnerView.swift */; };
		3518189E297B3E4100230753 /* Fonts in Resources */ = {isa = PBXBuildFile; fileRef = 3518189D297B3E4100230753 /* Fonts */; };
		351818A0297B3E9200230753 /* TransactionType.swift in Sources */ = {isa = PBXBuildFile; fileRef = 3518189F297B3E9200230753 /* TransactionType.swift */; };
		351818AE297D9B0D00230753 /* Entry.swift in Sources */ = {isa = PBXBuildFile; fileRef = 351818AD297D9B0D00230753 /* Entry.swift */; };
		351818B1297D9B5900230753 /* EntryViewModel.swift in Sources */ = {isa = PBXBuildFile; fileRef = 351818B0297D9B5900230753 /* EntryViewModel.swift */; };
		351818B7297E0C3C00230753 /* NewEntry.swift in Sources */ = {isa = PBXBuildFile; fileRef = 351818B6297E0C3C00230753 /* NewEntry.swift */; };
		352C02E92978A9B0008E77DF /* GoogleSignIn in Frameworks */ = {isa = PBXBuildFile; productRef = 352C02E82978A9B0008E77DF /* GoogleSignIn */; };
		352C02EB2978A9B0008E77DF /* GoogleSignInSwift in Frameworks */ = {isa = PBXBuildFile; productRef = 352C02EA2978A9B0008E77DF /* GoogleSignInSwift */; };
		352C02ED2978AA3D008E77DF /* LoginViewModel.swift in Sources */ = {isa = PBXBuildFile; fileRef = 352C02EC2978AA3D008E77DF /* LoginViewModel.swift */; };
		352C02EF2978AA60008E77DF /* CustomTextField.swift in Sources */ = {isa = PBXBuildFile; fileRef = 352C02EE2978AA60008E77DF /* CustomTextField.swift */; };
		352C02F12978AB17008E77DF /* PhoneRegisterView.swift in Sources */ = {isa = PBXBuildFile; fileRef = 352C02F02978AB17008E77DF /* PhoneRegisterView.swift */; };
		352C02F32978C379008E77DF /* UserNameView.swift in Sources */ = {isa = PBXBuildFile; fileRef = 352C02F22978C379008E77DF /* UserNameView.swift */; };
		352C02F529798A94008E77DF /* AuthService.swift in Sources */ = {isa = PBXBuildFile; fileRef = 352C02F429798A94008E77DF /* AuthService.swift */; };
		352F3022298ACFBA006857CB /* CustomDatePicker.swift in Sources */ = {isa = PBXBuildFile; fileRef = 352F3021298ACFBA006857CB /* CustomDatePicker.swift */; };
		352F3024298AD08A006857CB /* DateValue.swift in Sources */ = {isa = PBXBuildFile; fileRef = 352F3023298AD08A006857CB /* DateValue.swift */; };
		352F3026298B5B2E006857CB /* CustomRefreshView.swift in Sources */ = {isa = PBXBuildFile; fileRef = 352F3025298B5B2E006857CB /* CustomRefreshView.swift */; };
		352F3028298B611F006857CB /* Loading.json in Resources */ = {isa = PBXBuildFile; fileRef = 352F3027298B611E006857CB /* Loading.json */; };
		352F302B298B617E006857CB /* Lottie in Frameworks */ = {isa = PBXBuildFile; productRef = 352F302A298B617E006857CB /* Lottie */; };
		352F302D298B618D006857CB /* CustomCurveShape.swift in Sources */ = {isa = PBXBuildFile; fileRef = 352F302C298B618D006857CB /* CustomCurveShape.swift */; };
		352F302F298BF7A6006857CB /* EditProfileView.swift in Sources */ = {isa = PBXBuildFile; fileRef = 352F302E298BF7A6006857CB /* EditProfileView.swift */; };
		352F3031298CA22A006857CB /* Note.swift in Sources */ = {isa = PBXBuildFile; fileRef = 352F3030298CA22A006857CB /* Note.swift */; };
		352F3033298CA285006857CB /* JournalView.swift in Sources */ = {isa = PBXBuildFile; fileRef = 352F3032298CA285006857CB /* JournalView.swift */; };
		353DF54E29887FAC0088237A /* PartnerRequestModel.swift in Sources */ = {isa = PBXBuildFile; fileRef = 353DF54D29887FAC0088237A /* PartnerRequestModel.swift */; };
		3544C8AC29874C4800957435 /* FirebaseAnalytics in Frameworks */ = {isa = PBXBuildFile; productRef = 3544C8AB29874C4800957435 /* FirebaseAnalytics */; };
		3544C8AE29874C4800957435 /* FirebaseMessaging in Frameworks */ = {isa = PBXBuildFile; productRef = 3544C8AD29874C4800957435 /* FirebaseMessaging */; };
		3544C8B0298865A800957435 /* PartnerRequestView.swift in Sources */ = {isa = PBXBuildFile; fileRef = 3544C8AF298865A800957435 /* PartnerRequestView.swift */; };
		358BCF142978329F000A7F9C /* TreatyApp.swift in Sources */ = {isa = PBXBuildFile; fileRef = 358BCF132978329F000A7F9C /* TreatyApp.swift */; };
		358BCF162978329F000A7F9C /* Persistence.swift in Sources */ = {isa = PBXBuildFile; fileRef = 358BCF152978329F000A7F9C /* Persistence.swift */; };
		358BCF192978329F000A7F9C /* Treaty.xcdatamodeld in Sources */ = {isa = PBXBuildFile; fileRef = 358BCF172978329F000A7F9C /* Treaty.xcdatamodeld */; };
		358BCF1D297832A1000A7F9C /* Assets.xcassets in Resources */ = {isa = PBXBuildFile; fileRef = 358BCF1C297832A1000A7F9C /* Assets.xcassets */; };
		358BCF21297832A1000A7F9C /* Preview Assets.xcassets in Resources */ = {isa = PBXBuildFile; fileRef = 358BCF20297832A1000A7F9C /* Preview Assets.xcassets */; };
		358BCF2B297832A1000A7F9C /* TreatyTests.swift in Sources */ = {isa = PBXBuildFile; fileRef = 358BCF2A297832A1000A7F9C /* TreatyTests.swift */; };
		358BCF35297832A1000A7F9C /* TreatyUITests.swift in Sources */ = {isa = PBXBuildFile; fileRef = 358BCF34297832A1000A7F9C /* TreatyUITests.swift */; };
		358BCF37297832A1000A7F9C /* TreatyUITestsLaunchTests.swift in Sources */ = {isa = PBXBuildFile; fileRef = 358BCF36297832A1000A7F9C /* TreatyUITestsLaunchTests.swift */; };
		358BCF4629783349000A7F9C /* UserModel.swift in Sources */ = {isa = PBXBuildFile; fileRef = 358BCF4529783349000A7F9C /* UserModel.swift */; };
		358BCF49297833C1000A7F9C /* FirebaseAuth in Frameworks */ = {isa = PBXBuildFile; productRef = 358BCF48297833C1000A7F9C /* FirebaseAuth */; };
		358BCF4B297833C1000A7F9C /* FirebaseFirestore in Frameworks */ = {isa = PBXBuildFile; productRef = 358BCF4A297833C1000A7F9C /* FirebaseFirestore */; };
		358BCF4D297833C1000A7F9C /* FirebaseFirestoreSwift in Frameworks */ = {isa = PBXBuildFile; productRef = 358BCF4C297833C1000A7F9C /* FirebaseFirestoreSwift */; };
		358BCF4F297833C1000A7F9C /* FirebaseStorage in Frameworks */ = {isa = PBXBuildFile; productRef = 358BCF4E297833C1000A7F9C /* FirebaseStorage */; };
		358BCF52297833F9000A7F9C /* SDWebImageSwiftUI in Frameworks */ = {isa = PBXBuildFile; productRef = 358BCF51297833F9000A7F9C /* SDWebImageSwiftUI */; };
		358BCF5629783624000A7F9C /* ContentView.swift in Sources */ = {isa = PBXBuildFile; fileRef = 358BCF5529783624000A7F9C /* ContentView.swift */; };
		358BCF5929783655000A7F9C /* MainView.swift in Sources */ = {isa = PBXBuildFile; fileRef = 358BCF5829783654000A7F9C /* MainView.swift */; };
		358BCF5C2978367F000A7F9C /* LoginView.swift in Sources */ = {isa = PBXBuildFile; fileRef = 358BCF5B2978367F000A7F9C /* LoginView.swift */; };
		358BCF60297839D8000A7F9C /* LoadingView.swift in Sources */ = {isa = PBXBuildFile; fileRef = 358BCF5F297839D8000A7F9C /* LoadingView.swift */; };
		358BCF62297839F6000A7F9C /* RegisterView.swift in Sources */ = {isa = PBXBuildFile; fileRef = 358BCF61297839F6000A7F9C /* RegisterView.swift */; };
		358BCF6529783A27000A7F9C /* View+Extension.swift in Sources */ = {isa = PBXBuildFile; fileRef = 358BCF6429783A27000A7F9C /* View+Extension.swift */; };
		358BCF6829783AA8000A7F9C /* BarterView.swift in Sources */ = {isa = PBXBuildFile; fileRef = 358BCF6729783AA8000A7F9C /* BarterView.swift */; };
		358BCF6D29783ACE000A7F9C /* AccountView.swift in Sources */ = {isa = PBXBuildFile; fileRef = 358BCF6C29783ACE000A7F9C /* AccountView.swift */; };
		358BCF712978609B000A7F9C /* ReusableProfileContent.swift in Sources */ = {isa = PBXBuildFile; fileRef = 358BCF702978609B000A7F9C /* ReusableProfileContent.swift */; };
		35E3FCE129787C1A00B2E97A /* GoogleService-Info.plist in Resources */ = {isa = PBXBuildFile; fileRef = 35E3FCE029787C1A00B2E97A /* GoogleService-Info.plist */; };
/* End PBXBuildFile section */

/* Begin PBXContainerItemProxy section */
		358BCF27297832A1000A7F9C /* PBXContainerItemProxy */ = {
			isa = PBXContainerItemProxy;
			containerPortal = 358BCF082978329F000A7F9C /* Project object */;
			proxyType = 1;
			remoteGlobalIDString = 358BCF0F2978329F000A7F9C;
			remoteInfo = Treaty;
		};
		358BCF31297832A1000A7F9C /* PBXContainerItemProxy */ = {
			isa = PBXContainerItemProxy;
			containerPortal = 358BCF082978329F000A7F9C /* Project object */;
			proxyType = 1;
			remoteGlobalIDString = 358BCF0F2978329F000A7F9C;
			remoteInfo = Treaty;
		};
/* End PBXContainerItemProxy section */

/* Begin PBXFileReference section */
		3506E03E2980139F005F0771 /* PartnerModel.swift */ = {isa = PBXFileReference; lastKnownFileType = sourcecode.swift; path = PartnerModel.swift; sourceTree = "<group>"; };
		3506E0402980262A005F0771 /* AddPartnerView.swift */ = {isa = PBXFileReference; lastKnownFileType = sourcecode.swift; path = AddPartnerView.swift; sourceTree = "<group>"; };
		3518189D297B3E4100230753 /* Fonts */ = {isa = PBXFileReference; lastKnownFileType = folder; path = Fonts; sourceTree = "<group>"; };
		3518189F297B3E9200230753 /* TransactionType.swift */ = {isa = PBXFileReference; lastKnownFileType = sourcecode.swift; path = TransactionType.swift; sourceTree = "<group>"; };
		351818AD297D9B0D00230753 /* Entry.swift */ = {isa = PBXFileReference; lastKnownFileType = sourcecode.swift; path = Entry.swift; sourceTree = "<group>"; };
		351818B0297D9B5900230753 /* EntryViewModel.swift */ = {isa = PBXFileReference; lastKnownFileType = sourcecode.swift; path = EntryViewModel.swift; sourceTree = "<group>"; };
		351818B6297E0C3C00230753 /* NewEntry.swift */ = {isa = PBXFileReference; lastKnownFileType = sourcecode.swift; path = NewEntry.swift; sourceTree = "<group>"; };
		352C02EC2978AA3D008E77DF /* LoginViewModel.swift */ = {isa = PBXFileReference; lastKnownFileType = sourcecode.swift; path = LoginViewModel.swift; sourceTree = "<group>"; };
		352C02EE2978AA60008E77DF /* CustomTextField.swift */ = {isa = PBXFileReference; lastKnownFileType = sourcecode.swift; path = CustomTextField.swift; sourceTree = "<group>"; };
		352C02F02978AB17008E77DF /* PhoneRegisterView.swift */ = {isa = PBXFileReference; lastKnownFileType = sourcecode.swift; path = PhoneRegisterView.swift; sourceTree = "<group>"; };
		352C02F22978C379008E77DF /* UserNameView.swift */ = {isa = PBXFileReference; lastKnownFileType = sourcecode.swift; path = UserNameView.swift; sourceTree = "<group>"; };
		352C02F429798A94008E77DF /* AuthService.swift */ = {isa = PBXFileReference; lastKnownFileType = sourcecode.swift; path = AuthService.swift; sourceTree = "<group>"; };
		352F3021298ACFBA006857CB /* CustomDatePicker.swift */ = {isa = PBXFileReference; lastKnownFileType = sourcecode.swift; path = CustomDatePicker.swift; sourceTree = "<group>"; };
		352F3023298AD08A006857CB /* DateValue.swift */ = {isa = PBXFileReference; lastKnownFileType = sourcecode.swift; path = DateValue.swift; sourceTree = "<group>"; };
		352F3025298B5B2E006857CB /* CustomRefreshView.swift */ = {isa = PBXFileReference; lastKnownFileType = sourcecode.swift; name = CustomRefreshView.swift; path = Treaty/Views/Helpers/CustomRefreshView.swift; sourceTree = SOURCE_ROOT; };
		352F3027298B611E006857CB /* Loading.json */ = {isa = PBXFileReference; fileEncoding = 4; lastKnownFileType = text.json; path = Loading.json; sourceTree = "<group>"; };
		352F302C298B618D006857CB /* CustomCurveShape.swift */ = {isa = PBXFileReference; lastKnownFileType = sourcecode.swift; path = CustomCurveShape.swift; sourceTree = "<group>"; };
		352F302E298BF7A6006857CB /* EditProfileView.swift */ = {isa = PBXFileReference; lastKnownFileType = sourcecode.swift; path = EditProfileView.swift; sourceTree = "<group>"; };
		352F3030298CA22A006857CB /* Note.swift */ = {isa = PBXFileReference; lastKnownFileType = sourcecode.swift; path = Note.swift; sourceTree = "<group>"; };
		352F3032298CA285006857CB /* JournalView.swift */ = {isa = PBXFileReference; lastKnownFileType = sourcecode.swift; path = JournalView.swift; sourceTree = "<group>"; };
		353DF54D29887FAC0088237A /* PartnerRequestModel.swift */ = {isa = PBXFileReference; lastKnownFileType = sourcecode.swift; path = PartnerRequestModel.swift; sourceTree = "<group>"; };
		3544C8AF298865A800957435 /* PartnerRequestView.swift */ = {isa = PBXFileReference; lastKnownFileType = sourcecode.swift; path = PartnerRequestView.swift; sourceTree = "<group>"; };
		358BCF102978329F000A7F9C /* Treaty.app */ = {isa = PBXFileReference; explicitFileType = wrapper.application; includeInIndex = 0; path = Treaty.app; sourceTree = BUILT_PRODUCTS_DIR; };
		358BCF132978329F000A7F9C /* TreatyApp.swift */ = {isa = PBXFileReference; lastKnownFileType = sourcecode.swift; path = TreatyApp.swift; sourceTree = "<group>"; };
		358BCF152978329F000A7F9C /* Persistence.swift */ = {isa = PBXFileReference; lastKnownFileType = sourcecode.swift; path = Persistence.swift; sourceTree = "<group>"; };
		358BCF182978329F000A7F9C /* Treaty.xcdatamodel */ = {isa = PBXFileReference; lastKnownFileType = wrapper.xcdatamodel; path = Treaty.xcdatamodel; sourceTree = "<group>"; };
		358BCF1C297832A1000A7F9C /* Assets.xcassets */ = {isa = PBXFileReference; lastKnownFileType = folder.assetcatalog; path = Assets.xcassets; sourceTree = "<group>"; };
		358BCF1E297832A1000A7F9C /* Treaty.entitlements */ = {isa = PBXFileReference; lastKnownFileType = text.plist.entitlements; path = Treaty.entitlements; sourceTree = "<group>"; };
		358BCF20297832A1000A7F9C /* Preview Assets.xcassets */ = {isa = PBXFileReference; lastKnownFileType = folder.assetcatalog; path = "Preview Assets.xcassets"; sourceTree = "<group>"; };
		358BCF26297832A1000A7F9C /* TreatyTests.xctest */ = {isa = PBXFileReference; explicitFileType = wrapper.cfbundle; includeInIndex = 0; path = TreatyTests.xctest; sourceTree = BUILT_PRODUCTS_DIR; };
		358BCF2A297832A1000A7F9C /* TreatyTests.swift */ = {isa = PBXFileReference; lastKnownFileType = sourcecode.swift; path = TreatyTests.swift; sourceTree = "<group>"; };
		358BCF30297832A1000A7F9C /* TreatyUITests.xctest */ = {isa = PBXFileReference; explicitFileType = wrapper.cfbundle; includeInIndex = 0; path = TreatyUITests.xctest; sourceTree = BUILT_PRODUCTS_DIR; };
		358BCF34297832A1000A7F9C /* TreatyUITests.swift */ = {isa = PBXFileReference; lastKnownFileType = sourcecode.swift; path = TreatyUITests.swift; sourceTree = "<group>"; };
		358BCF36297832A1000A7F9C /* TreatyUITestsLaunchTests.swift */ = {isa = PBXFileReference; lastKnownFileType = sourcecode.swift; path = TreatyUITestsLaunchTests.swift; sourceTree = "<group>"; };
		358BCF4529783349000A7F9C /* UserModel.swift */ = {isa = PBXFileReference; lastKnownFileType = sourcecode.swift; path = UserModel.swift; sourceTree = "<group>"; };
		358BCF5529783624000A7F9C /* ContentView.swift */ = {isa = PBXFileReference; lastKnownFileType = sourcecode.swift; path = ContentView.swift; sourceTree = "<group>"; };
		358BCF5829783654000A7F9C /* MainView.swift */ = {isa = PBXFileReference; lastKnownFileType = sourcecode.swift; path = MainView.swift; sourceTree = "<group>"; };
		358BCF5B2978367F000A7F9C /* LoginView.swift */ = {isa = PBXFileReference; lastKnownFileType = sourcecode.swift; path = LoginView.swift; sourceTree = "<group>"; };
		358BCF5F297839D8000A7F9C /* LoadingView.swift */ = {isa = PBXFileReference; lastKnownFileType = sourcecode.swift; path = LoadingView.swift; sourceTree = "<group>"; };
		358BCF61297839F6000A7F9C /* RegisterView.swift */ = {isa = PBXFileReference; lastKnownFileType = sourcecode.swift; path = RegisterView.swift; sourceTree = "<group>"; };
		358BCF6429783A27000A7F9C /* View+Extension.swift */ = {isa = PBXFileReference; lastKnownFileType = sourcecode.swift; path = "View+Extension.swift"; sourceTree = "<group>"; };
		358BCF6729783AA8000A7F9C /* BarterView.swift */ = {isa = PBXFileReference; lastKnownFileType = sourcecode.swift; path = BarterView.swift; sourceTree = "<group>"; };
		358BCF6C29783ACE000A7F9C /* AccountView.swift */ = {isa = PBXFileReference; lastKnownFileType = sourcecode.swift; path = AccountView.swift; sourceTree = "<group>"; };
		358BCF702978609B000A7F9C /* ReusableProfileContent.swift */ = {isa = PBXFileReference; lastKnownFileType = sourcecode.swift; path = ReusableProfileContent.swift; sourceTree = "<group>"; };
		35E3FCE029787C1A00B2E97A /* GoogleService-Info.plist */ = {isa = PBXFileReference; fileEncoding = 4; lastKnownFileType = text.plist.xml; path = "GoogleService-Info.plist"; sourceTree = "<group>"; };
/* End PBXFileReference section */

/* Begin PBXFrameworksBuildPhase section */
		358BCF0D2978329F000A7F9C /* Frameworks */ = {
			isa = PBXFrameworksBuildPhase;
			buildActionMask = 2147483647;
			files = (
				3544C8AE29874C4800957435 /* FirebaseMessaging in Frameworks */,
				358BCF52297833F9000A7F9C /* SDWebImageSwiftUI in Frameworks */,
				358BCF49297833C1000A7F9C /* FirebaseAuth in Frameworks */,
				3544C8AC29874C4800957435 /* FirebaseAnalytics in Frameworks */,
				352C02EB2978A9B0008E77DF /* GoogleSignInSwift in Frameworks */,
				352F302B298B617E006857CB /* Lottie in Frameworks */,
				358BCF4F297833C1000A7F9C /* FirebaseStorage in Frameworks */,
				358BCF4B297833C1000A7F9C /* FirebaseFirestore in Frameworks */,
				358BCF4D297833C1000A7F9C /* FirebaseFirestoreSwift in Frameworks */,
				352C02E92978A9B0008E77DF /* GoogleSignIn in Frameworks */,
			);
			runOnlyForDeploymentPostprocessing = 0;
		};
		358BCF23297832A1000A7F9C /* Frameworks */ = {
			isa = PBXFrameworksBuildPhase;
			buildActionMask = 2147483647;
			files = (
			);
			runOnlyForDeploymentPostprocessing = 0;
		};
		358BCF2D297832A1000A7F9C /* Frameworks */ = {
			isa = PBXFrameworksBuildPhase;
			buildActionMask = 2147483647;
			files = (
			);
			runOnlyForDeploymentPostprocessing = 0;
		};
/* End PBXFrameworksBuildPhase section */

/* Begin PBXGroup section */
		3518189A2979C32000230753 /* Journal View */ = {
			isa = PBXGroup;
			children = (
				351818B6297E0C3C00230753 /* NewEntry.swift */,
				352F3032298CA285006857CB /* JournalView.swift */,
			);
			path = "Journal View";
			sourceTree = "<group>";
		};
		351818AF297D9B4700230753 /* View Models */ = {
			isa = PBXGroup;
			children = (
				352C02EC2978AA3D008E77DF /* LoginViewModel.swift */,
				351818B0297D9B5900230753 /* EntryViewModel.swift */,
			);
			path = "View Models";
			sourceTree = "<group>";
		};
		3544C8AA29874C4800957435 /* Frameworks */ = {
			isa = PBXGroup;
			children = (
			);
			name = Frameworks;
			sourceTree = "<group>";
		};
		358BCF072978329F000A7F9C = {
			isa = PBXGroup;
			children = (
				358BCF122978329F000A7F9C /* Treaty */,
				358BCF29297832A1000A7F9C /* TreatyTests */,
				358BCF33297832A1000A7F9C /* TreatyUITests */,
				358BCF112978329F000A7F9C /* Products */,
				3544C8AA29874C4800957435 /* Frameworks */,
			);
			sourceTree = "<group>";
		};
		358BCF112978329F000A7F9C /* Products */ = {
			isa = PBXGroup;
			children = (
				358BCF102978329F000A7F9C /* Treaty.app */,
				358BCF26297832A1000A7F9C /* TreatyTests.xctest */,
				358BCF30297832A1000A7F9C /* TreatyUITests.xctest */,
			);
			name = Products;
			sourceTree = "<group>";
		};
		358BCF122978329F000A7F9C /* Treaty */ = {
			isa = PBXGroup;
			children = (
				352F3027298B611E006857CB /* Loading.json */,
				351818AF297D9B4700230753 /* View Models */,
				35E3FCE029787C1A00B2E97A /* GoogleService-Info.plist */,
				3518189D297B3E4100230753 /* Fonts */,
				358BCF4429783325000A7F9C /* Views */,
				358BCF432978331D000A7F9C /* Model */,
				358BCF132978329F000A7F9C /* TreatyApp.swift */,
				358BCF152978329F000A7F9C /* Persistence.swift */,
				358BCF1C297832A1000A7F9C /* Assets.xcassets */,
				358BCF1E297832A1000A7F9C /* Treaty.entitlements */,
				358BCF172978329F000A7F9C /* Treaty.xcdatamodeld */,
				358BCF1F297832A1000A7F9C /* Preview Content */,
			);
			path = Treaty;
			sourceTree = "<group>";
		};
		358BCF1F297832A1000A7F9C /* Preview Content */ = {
			isa = PBXGroup;
			children = (
				358BCF20297832A1000A7F9C /* Preview Assets.xcassets */,
			);
			path = "Preview Content";
			sourceTree = "<group>";
		};
		358BCF29297832A1000A7F9C /* TreatyTests */ = {
			isa = PBXGroup;
			children = (
				358BCF2A297832A1000A7F9C /* TreatyTests.swift */,
			);
			path = TreatyTests;
			sourceTree = "<group>";
		};
		358BCF33297832A1000A7F9C /* TreatyUITests */ = {
			isa = PBXGroup;
			children = (
				358BCF34297832A1000A7F9C /* TreatyUITests.swift */,
				358BCF36297832A1000A7F9C /* TreatyUITestsLaunchTests.swift */,
			);
			path = TreatyUITests;
			sourceTree = "<group>";
		};
		358BCF432978331D000A7F9C /* Model */ = {
			isa = PBXGroup;
			children = (
				358BCF4529783349000A7F9C /* UserModel.swift */,
				3518189F297B3E9200230753 /* TransactionType.swift */,
				351818AD297D9B0D00230753 /* Entry.swift */,
				3506E03E2980139F005F0771 /* PartnerModel.swift */,
				353DF54D29887FAC0088237A /* PartnerRequestModel.swift */,
				352F3023298AD08A006857CB /* DateValue.swift */,
				352F3030298CA22A006857CB /* Note.swift */,
			);
			path = Model;
			sourceTree = "<group>";
		};
		358BCF4429783325000A7F9C /* Views */ = {
			isa = PBXGroup;
			children = (
				3518189A2979C32000230753 /* Journal View */,
				358BCF6929783AB9000A7F9C /* Account View */,
				358BCF6629783A9C000A7F9C /* Barter View */,
				358BCF6329783A12000A7F9C /* Helpers */,
				358BCF5A29783676000A7F9C /* Login View */,
				358BCF5729783648000A7F9C /* Main View */,
				358BCF5529783624000A7F9C /* ContentView.swift */,
				358BCF5F297839D8000A7F9C /* LoadingView.swift */,
			);
			path = Views;
			sourceTree = "<group>";
		};
		358BCF5729783648000A7F9C /* Main View */ = {
			isa = PBXGroup;
			children = (
				358BCF5829783654000A7F9C /* MainView.swift */,
			);
			path = "Main View";
			sourceTree = "<group>";
		};
		358BCF5A29783676000A7F9C /* Login View */ = {
			isa = PBXGroup;
			children = (
				358BCF5B2978367F000A7F9C /* LoginView.swift */,
				358BCF61297839F6000A7F9C /* RegisterView.swift */,
				352C02F02978AB17008E77DF /* PhoneRegisterView.swift */,
				352C02F22978C379008E77DF /* UserNameView.swift */,
			);
			path = "Login View";
			sourceTree = "<group>";
		};
		358BCF6329783A12000A7F9C /* Helpers */ = {
			isa = PBXGroup;
			children = (
				352F3025298B5B2E006857CB /* CustomRefreshView.swift */,
				352C02F429798A94008E77DF /* AuthService.swift */,
				358BCF6429783A27000A7F9C /* View+Extension.swift */,
				352C02EE2978AA60008E77DF /* CustomTextField.swift */,
				352F3021298ACFBA006857CB /* CustomDatePicker.swift */,
				352F302C298B618D006857CB /* CustomCurveShape.swift */,
			);
			path = Helpers;
			sourceTree = "<group>";
		};
		358BCF6629783A9C000A7F9C /* Barter View */ = {
			isa = PBXGroup;
			children = (
				358BCF6729783AA8000A7F9C /* BarterView.swift */,
			);
			path = "Barter View";
			sourceTree = "<group>";
		};
		358BCF6929783AB9000A7F9C /* Account View */ = {
			isa = PBXGroup;
			children = (
				358BCF6C29783ACE000A7F9C /* AccountView.swift */,
				352F302E298BF7A6006857CB /* EditProfileView.swift */,
				358BCF702978609B000A7F9C /* ReusableProfileContent.swift */,
				3544C8AF298865A800957435 /* PartnerRequestView.swift */,
				3506E0402980262A005F0771 /* AddPartnerView.swift */,
			);
			path = "Account View";
			sourceTree = "<group>";
		};
/* End PBXGroup section */

/* Begin PBXNativeTarget section */
		358BCF0F2978329F000A7F9C /* Treaty */ = {
			isa = PBXNativeTarget;
			buildConfigurationList = 358BCF3A297832A1000A7F9C /* Build configuration list for PBXNativeTarget "Treaty" */;
			buildPhases = (
				358BCF0C2978329F000A7F9C /* Sources */,
				358BCF0D2978329F000A7F9C /* Frameworks */,
				358BCF0E2978329F000A7F9C /* Resources */,
			);
			buildRules = (
			);
			dependencies = (
			);
			name = Treaty;
			packageProductDependencies = (
				358BCF48297833C1000A7F9C /* FirebaseAuth */,
				358BCF4A297833C1000A7F9C /* FirebaseFirestore */,
				358BCF4C297833C1000A7F9C /* FirebaseFirestoreSwift */,
				358BCF4E297833C1000A7F9C /* FirebaseStorage */,
				358BCF51297833F9000A7F9C /* SDWebImageSwiftUI */,
				352C02E82978A9B0008E77DF /* GoogleSignIn */,
				352C02EA2978A9B0008E77DF /* GoogleSignInSwift */,
				3544C8AB29874C4800957435 /* FirebaseAnalytics */,
				3544C8AD29874C4800957435 /* FirebaseMessaging */,
				352F302A298B617E006857CB /* Lottie */,
			);
			productName = Treaty;
			productReference = 358BCF102978329F000A7F9C /* Treaty.app */;
			productType = "com.apple.product-type.application";
		};
		358BCF25297832A1000A7F9C /* TreatyTests */ = {
			isa = PBXNativeTarget;
			buildConfigurationList = 358BCF3D297832A1000A7F9C /* Build configuration list for PBXNativeTarget "TreatyTests" */;
			buildPhases = (
				358BCF22297832A1000A7F9C /* Sources */,
				358BCF23297832A1000A7F9C /* Frameworks */,
				358BCF24297832A1000A7F9C /* Resources */,
			);
			buildRules = (
			);
			dependencies = (
				358BCF28297832A1000A7F9C /* PBXTargetDependency */,
			);
			name = TreatyTests;
			productName = TreatyTests;
			productReference = 358BCF26297832A1000A7F9C /* TreatyTests.xctest */;
			productType = "com.apple.product-type.bundle.unit-test";
		};
		358BCF2F297832A1000A7F9C /* TreatyUITests */ = {
			isa = PBXNativeTarget;
			buildConfigurationList = 358BCF40297832A1000A7F9C /* Build configuration list for PBXNativeTarget "TreatyUITests" */;
			buildPhases = (
				358BCF2C297832A1000A7F9C /* Sources */,
				358BCF2D297832A1000A7F9C /* Frameworks */,
				358BCF2E297832A1000A7F9C /* Resources */,
			);
			buildRules = (
			);
			dependencies = (
				358BCF32297832A1000A7F9C /* PBXTargetDependency */,
			);
			name = TreatyUITests;
			productName = TreatyUITests;
			productReference = 358BCF30297832A1000A7F9C /* TreatyUITests.xctest */;
			productType = "com.apple.product-type.bundle.ui-testing";
		};
/* End PBXNativeTarget section */

/* Begin PBXProject section */
		358BCF082978329F000A7F9C /* Project object */ = {
			isa = PBXProject;
			attributes = {
				BuildIndependentTargetsInParallel = 1;
				LastSwiftUpdateCheck = 1420;
				LastUpgradeCheck = 1420;
				TargetAttributes = {
					358BCF0F2978329F000A7F9C = {
						CreatedOnToolsVersion = 14.2;
					};
					358BCF25297832A1000A7F9C = {
						CreatedOnToolsVersion = 14.2;
						TestTargetID = 358BCF0F2978329F000A7F9C;
					};
					358BCF2F297832A1000A7F9C = {
						CreatedOnToolsVersion = 14.2;
						TestTargetID = 358BCF0F2978329F000A7F9C;
					};
				};
			};
			buildConfigurationList = 358BCF0B2978329F000A7F9C /* Build configuration list for PBXProject "Treaty" */;
			compatibilityVersion = "Xcode 14.0";
			developmentRegion = en;
			hasScannedForEncodings = 0;
			knownRegions = (
				en,
				Base,
			);
			mainGroup = 358BCF072978329F000A7F9C;
			packageReferences = (
				358BCF47297833C1000A7F9C /* XCRemoteSwiftPackageReference "firebase-ios-sdk" */,
				358BCF50297833F9000A7F9C /* XCRemoteSwiftPackageReference "SDWebImageSwiftUI" */,
				352C02E72978A9B0008E77DF /* XCRemoteSwiftPackageReference "GoogleSignIn-iOS" */,
				352F3029298B617E006857CB /* XCRemoteSwiftPackageReference "lottie-ios" */,
			);
			productRefGroup = 358BCF112978329F000A7F9C /* Products */;
			projectDirPath = "";
			projectRoot = "";
			targets = (
				358BCF0F2978329F000A7F9C /* Treaty */,
				358BCF25297832A1000A7F9C /* TreatyTests */,
				358BCF2F297832A1000A7F9C /* TreatyUITests */,
			);
		};
/* End PBXProject section */

/* Begin PBXResourcesBuildPhase section */
		358BCF0E2978329F000A7F9C /* Resources */ = {
			isa = PBXResourcesBuildPhase;
			buildActionMask = 2147483647;
			files = (
				358BCF21297832A1000A7F9C /* Preview Assets.xcassets in Resources */,
				358BCF1D297832A1000A7F9C /* Assets.xcassets in Resources */,
				35E3FCE129787C1A00B2E97A /* GoogleService-Info.plist in Resources */,
				3518189E297B3E4100230753 /* Fonts in Resources */,
				352F3028298B611F006857CB /* Loading.json in Resources */,
			);
			runOnlyForDeploymentPostprocessing = 0;
		};
		358BCF24297832A1000A7F9C /* Resources */ = {
			isa = PBXResourcesBuildPhase;
			buildActionMask = 2147483647;
			files = (
			);
			runOnlyForDeploymentPostprocessing = 0;
		};
		358BCF2E297832A1000A7F9C /* Resources */ = {
			isa = PBXResourcesBuildPhase;
			buildActionMask = 2147483647;
			files = (
			);
			runOnlyForDeploymentPostprocessing = 0;
		};
/* End PBXResourcesBuildPhase section */

/* Begin PBXSourcesBuildPhase section */
		358BCF0C2978329F000A7F9C /* Sources */ = {
			isa = PBXSourcesBuildPhase;
			buildActionMask = 2147483647;
			files = (
				351818B1297D9B5900230753 /* EntryViewModel.swift in Sources */,
				358BCF192978329F000A7F9C /* Treaty.xcdatamodeld in Sources */,
				352F302F298BF7A6006857CB /* EditProfileView.swift in Sources */,
				352C02F32978C379008E77DF /* UserNameView.swift in Sources */,
				352F3031298CA22A006857CB /* Note.swift in Sources */,
				3544C8B0298865A800957435 /* PartnerRequestView.swift in Sources */,
				358BCF62297839F6000A7F9C /* RegisterView.swift in Sources */,
				352C02F529798A94008E77DF /* AuthService.swift in Sources */,
				358BCF5929783655000A7F9C /* MainView.swift in Sources */,
				358BCF142978329F000A7F9C /* TreatyApp.swift in Sources */,
				358BCF712978609B000A7F9C /* ReusableProfileContent.swift in Sources */,
				353DF54E29887FAC0088237A /* PartnerRequestModel.swift in Sources */,
				352F302D298B618D006857CB /* CustomCurveShape.swift in Sources */,
				351818AE297D9B0D00230753 /* Entry.swift in Sources */,
				358BCF5629783624000A7F9C /* ContentView.swift in Sources */,
				352F3022298ACFBA006857CB /* CustomDatePicker.swift in Sources */,
				3506E03F2980139F005F0771 /* PartnerModel.swift in Sources */,
				352C02ED2978AA3D008E77DF /* LoginViewModel.swift in Sources */,
				358BCF4629783349000A7F9C /* UserModel.swift in Sources */,
				3506E0412980262A005F0771 /* AddPartnerView.swift in Sources */,
				352F3026298B5B2E006857CB /* CustomRefreshView.swift in Sources */,
				358BCF6529783A27000A7F9C /* View+Extension.swift in Sources */,
				358BCF5C2978367F000A7F9C /* LoginView.swift in Sources */,
				351818B7297E0C3C00230753 /* NewEntry.swift in Sources */,
				358BCF162978329F000A7F9C /* Persistence.swift in Sources */,
				358BCF6829783AA8000A7F9C /* BarterView.swift in Sources */,
				352F3033298CA285006857CB /* JournalView.swift in Sources */,
				351818A0297B3E9200230753 /* TransactionType.swift in Sources */,
				352C02F12978AB17008E77DF /* PhoneRegisterView.swift in Sources */,
				352F3024298AD08A006857CB /* DateValue.swift in Sources */,
				358BCF6D29783ACE000A7F9C /* AccountView.swift in Sources */,
				358BCF60297839D8000A7F9C /* LoadingView.swift in Sources */,
				352C02EF2978AA60008E77DF /* CustomTextField.swift in Sources */,
			);
			runOnlyForDeploymentPostprocessing = 0;
		};
		358BCF22297832A1000A7F9C /* Sources */ = {
			isa = PBXSourcesBuildPhase;
			buildActionMask = 2147483647;
			files = (
				358BCF2B297832A1000A7F9C /* TreatyTests.swift in Sources */,
			);
			runOnlyForDeploymentPostprocessing = 0;
		};
		358BCF2C297832A1000A7F9C /* Sources */ = {
			isa = PBXSourcesBuildPhase;
			buildActionMask = 2147483647;
			files = (
				358BCF35297832A1000A7F9C /* TreatyUITests.swift in Sources */,
				358BCF37297832A1000A7F9C /* TreatyUITestsLaunchTests.swift in Sources */,
			);
			runOnlyForDeploymentPostprocessing = 0;
		};
/* End PBXSourcesBuildPhase section */

/* Begin PBXTargetDependency section */
		358BCF28297832A1000A7F9C /* PBXTargetDependency */ = {
			isa = PBXTargetDependency;
			target = 358BCF0F2978329F000A7F9C /* Treaty */;
			targetProxy = 358BCF27297832A1000A7F9C /* PBXContainerItemProxy */;
		};
		358BCF32297832A1000A7F9C /* PBXTargetDependency */ = {
			isa = PBXTargetDependency;
			target = 358BCF0F2978329F000A7F9C /* Treaty */;
			targetProxy = 358BCF31297832A1000A7F9C /* PBXContainerItemProxy */;
		};
/* End PBXTargetDependency section */

/* Begin XCBuildConfiguration section */
		358BCF38297832A1000A7F9C /* Debug */ = {
			isa = XCBuildConfiguration;
			buildSettings = {
				ALWAYS_SEARCH_USER_PATHS = NO;
				CLANG_ANALYZER_NONNULL = YES;
				CLANG_ANALYZER_NUMBER_OBJECT_CONVERSION = YES_AGGRESSIVE;
				CLANG_CXX_LANGUAGE_STANDARD = "gnu++20";
				CLANG_ENABLE_MODULES = YES;
				CLANG_ENABLE_OBJC_ARC = YES;
				CLANG_ENABLE_OBJC_WEAK = YES;
				CLANG_WARN_BLOCK_CAPTURE_AUTORELEASING = YES;
				CLANG_WARN_BOOL_CONVERSION = YES;
				CLANG_WARN_COMMA = YES;
				CLANG_WARN_CONSTANT_CONVERSION = YES;
				CLANG_WARN_DEPRECATED_OBJC_IMPLEMENTATIONS = YES;
				CLANG_WARN_DIRECT_OBJC_ISA_USAGE = YES_ERROR;
				CLANG_WARN_DOCUMENTATION_COMMENTS = YES;
				CLANG_WARN_EMPTY_BODY = YES;
				CLANG_WARN_ENUM_CONVERSION = YES;
				CLANG_WARN_INFINITE_RECURSION = YES;
				CLANG_WARN_INT_CONVERSION = YES;
				CLANG_WARN_NON_LITERAL_NULL_CONVERSION = YES;
				CLANG_WARN_OBJC_IMPLICIT_RETAIN_SELF = YES;
				CLANG_WARN_OBJC_LITERAL_CONVERSION = YES;
				CLANG_WARN_OBJC_ROOT_CLASS = YES_ERROR;
				CLANG_WARN_QUOTED_INCLUDE_IN_FRAMEWORK_HEADER = YES;
				CLANG_WARN_RANGE_LOOP_ANALYSIS = YES;
				CLANG_WARN_STRICT_PROTOTYPES = YES;
				CLANG_WARN_SUSPICIOUS_MOVE = YES;
				CLANG_WARN_UNGUARDED_AVAILABILITY = YES_AGGRESSIVE;
				CLANG_WARN_UNREACHABLE_CODE = YES;
				CLANG_WARN__DUPLICATE_METHOD_MATCH = YES;
				COPY_PHASE_STRIP = NO;
				DEBUG_INFORMATION_FORMAT = dwarf;
				ENABLE_STRICT_OBJC_MSGSEND = YES;
				ENABLE_TESTABILITY = YES;
				GCC_C_LANGUAGE_STANDARD = gnu11;
				GCC_DYNAMIC_NO_PIC = NO;
				GCC_NO_COMMON_BLOCKS = YES;
				GCC_OPTIMIZATION_LEVEL = 0;
				GCC_PREPROCESSOR_DEFINITIONS = (
					"DEBUG=1",
					"$(inherited)",
				);
				GCC_WARN_64_TO_32_BIT_CONVERSION = YES;
				GCC_WARN_ABOUT_RETURN_TYPE = YES_ERROR;
				GCC_WARN_UNDECLARED_SELECTOR = YES;
				GCC_WARN_UNINITIALIZED_AUTOS = YES_AGGRESSIVE;
				GCC_WARN_UNUSED_FUNCTION = YES;
				GCC_WARN_UNUSED_VARIABLE = YES;
				MTL_ENABLE_DEBUG_INFO = INCLUDE_SOURCE;
				MTL_FAST_MATH = YES;
				ONLY_ACTIVE_ARCH = YES;
				SDKROOT = iphoneos;
				SWIFT_ACTIVE_COMPILATION_CONDITIONS = DEBUG;
				SWIFT_OPTIMIZATION_LEVEL = "-Onone";
			};
			name = Debug;
		};
		358BCF39297832A1000A7F9C /* Release */ = {
			isa = XCBuildConfiguration;
			buildSettings = {
				ALWAYS_SEARCH_USER_PATHS = NO;
				CLANG_ANALYZER_NONNULL = YES;
				CLANG_ANALYZER_NUMBER_OBJECT_CONVERSION = YES_AGGRESSIVE;
				CLANG_CXX_LANGUAGE_STANDARD = "gnu++20";
				CLANG_ENABLE_MODULES = YES;
				CLANG_ENABLE_OBJC_ARC = YES;
				CLANG_ENABLE_OBJC_WEAK = YES;
				CLANG_WARN_BLOCK_CAPTURE_AUTORELEASING = YES;
				CLANG_WARN_BOOL_CONVERSION = YES;
				CLANG_WARN_COMMA = YES;
				CLANG_WARN_CONSTANT_CONVERSION = YES;
				CLANG_WARN_DEPRECATED_OBJC_IMPLEMENTATIONS = YES;
				CLANG_WARN_DIRECT_OBJC_ISA_USAGE = YES_ERROR;
				CLANG_WARN_DOCUMENTATION_COMMENTS = YES;
				CLANG_WARN_EMPTY_BODY = YES;
				CLANG_WARN_ENUM_CONVERSION = YES;
				CLANG_WARN_INFINITE_RECURSION = YES;
				CLANG_WARN_INT_CONVERSION = YES;
				CLANG_WARN_NON_LITERAL_NULL_CONVERSION = YES;
				CLANG_WARN_OBJC_IMPLICIT_RETAIN_SELF = YES;
				CLANG_WARN_OBJC_LITERAL_CONVERSION = YES;
				CLANG_WARN_OBJC_ROOT_CLASS = YES_ERROR;
				CLANG_WARN_QUOTED_INCLUDE_IN_FRAMEWORK_HEADER = YES;
				CLANG_WARN_RANGE_LOOP_ANALYSIS = YES;
				CLANG_WARN_STRICT_PROTOTYPES = YES;
				CLANG_WARN_SUSPICIOUS_MOVE = YES;
				CLANG_WARN_UNGUARDED_AVAILABILITY = YES_AGGRESSIVE;
				CLANG_WARN_UNREACHABLE_CODE = YES;
				CLANG_WARN__DUPLICATE_METHOD_MATCH = YES;
				COPY_PHASE_STRIP = NO;
				DEBUG_INFORMATION_FORMAT = "dwarf-with-dsym";
				ENABLE_NS_ASSERTIONS = NO;
				ENABLE_STRICT_OBJC_MSGSEND = YES;
				GCC_C_LANGUAGE_STANDARD = gnu11;
				GCC_NO_COMMON_BLOCKS = YES;
				GCC_WARN_64_TO_32_BIT_CONVERSION = YES;
				GCC_WARN_ABOUT_RETURN_TYPE = YES_ERROR;
				GCC_WARN_UNDECLARED_SELECTOR = YES;
				GCC_WARN_UNINITIALIZED_AUTOS = YES_AGGRESSIVE;
				GCC_WARN_UNUSED_FUNCTION = YES;
				GCC_WARN_UNUSED_VARIABLE = YES;
				MTL_ENABLE_DEBUG_INFO = NO;
				MTL_FAST_MATH = YES;
				SDKROOT = iphoneos;
				SWIFT_COMPILATION_MODE = wholemodule;
				SWIFT_OPTIMIZATION_LEVEL = "-O";
			};
			name = Release;
		};
		358BCF3B297832A1000A7F9C /* Debug */ = {
			isa = XCBuildConfiguration;
			buildSettings = {
				ASSETCATALOG_COMPILER_APPICON_NAME = AppIcon;
				ASSETCATALOG_COMPILER_GLOBAL_ACCENT_COLOR_NAME = AccentColor;
				CODE_SIGN_ENTITLEMENTS = Treaty/Treaty.entitlements;
				CODE_SIGN_STYLE = Automatic;
				CURRENT_PROJECT_VERSION = 1;
				DEVELOPMENT_ASSET_PATHS = "\"Treaty/Preview Content\"";
				DEVELOPMENT_TEAM = 87A6J7UY87;
				ENABLE_HARDENED_RUNTIME = YES;
				ENABLE_PREVIEWS = YES;
				GENERATE_INFOPLIST_FILE = YES;
				INFOPLIST_FILE = Treaty/Info.plist;
				INFOPLIST_KEY_CFBundleDisplayName = Treaty;
				INFOPLIST_KEY_LSApplicationCategoryType = "public.app-category.lifestyle";
				INFOPLIST_KEY_UIApplicationSceneManifest_Generation = YES;
				"INFOPLIST_KEY_UIApplicationSceneManifest_Generation[sdk=iphoneos*]" = YES;
				"INFOPLIST_KEY_UIApplicationSceneManifest_Generation[sdk=iphonesimulator*]" = YES;
				INFOPLIST_KEY_UIApplicationSupportsIndirectInputEvents = YES;
				"INFOPLIST_KEY_UIApplicationSupportsIndirectInputEvents[sdk=iphoneos*]" = YES;
				"INFOPLIST_KEY_UIApplicationSupportsIndirectInputEvents[sdk=iphonesimulator*]" = YES;
				INFOPLIST_KEY_UILaunchScreen_Generation = YES;
				"INFOPLIST_KEY_UILaunchScreen_Generation[sdk=iphoneos*]" = YES;
				"INFOPLIST_KEY_UILaunchScreen_Generation[sdk=iphonesimulator*]" = YES;
				INFOPLIST_KEY_UIStatusBarStyle = UIStatusBarStyleDefault;
				"INFOPLIST_KEY_UIStatusBarStyle[sdk=iphoneos*]" = UIStatusBarStyleDefault;
				"INFOPLIST_KEY_UIStatusBarStyle[sdk=iphonesimulator*]" = UIStatusBarStyleDefault;
				INFOPLIST_KEY_UISupportedInterfaceOrientations_iPad = "UIInterfaceOrientationPortrait UIInterfaceOrientationPortraitUpsideDown UIInterfaceOrientationLandscapeLeft UIInterfaceOrientationLandscapeRight";
				INFOPLIST_KEY_UISupportedInterfaceOrientations_iPhone = "UIInterfaceOrientationPortrait UIInterfaceOrientationLandscapeLeft UIInterfaceOrientationLandscapeRight";
				IPHONEOS_DEPLOYMENT_TARGET = 16.2;
				LD_RUNPATH_SEARCH_PATHS = "@executable_path/Frameworks";
				"LD_RUNPATH_SEARCH_PATHS[sdk=macosx*]" = "@executable_path/../Frameworks";
				MACOSX_DEPLOYMENT_TARGET = 13.1;
				MARKETING_VERSION = 1.0;
				PRODUCT_BUNDLE_IDENTIFIER = com.losyetis.Treaty;
				PRODUCT_NAME = "$(TARGET_NAME)";
				SDKROOT = iphoneos;
				SUPPORTED_PLATFORMS = "iphonesimulator iphoneos";
				SWIFT_EMIT_LOC_STRINGS = YES;
				SWIFT_VERSION = 5.0;
				TARGETED_DEVICE_FAMILY = "1,2";
			};
			name = Debug;
		};
		358BCF3C297832A1000A7F9C /* Release */ = {
			isa = XCBuildConfiguration;
			buildSettings = {
				ASSETCATALOG_COMPILER_APPICON_NAME = AppIcon;
				ASSETCATALOG_COMPILER_GLOBAL_ACCENT_COLOR_NAME = AccentColor;
				CODE_SIGN_ENTITLEMENTS = Treaty/Treaty.entitlements;
				CODE_SIGN_STYLE = Automatic;
				CURRENT_PROJECT_VERSION = 1;
				DEVELOPMENT_ASSET_PATHS = "\"Treaty/Preview Content\"";
				DEVELOPMENT_TEAM = 87A6J7UY87;
				ENABLE_HARDENED_RUNTIME = YES;
				ENABLE_PREVIEWS = YES;
				GENERATE_INFOPLIST_FILE = YES;
				INFOPLIST_FILE = Treaty/Info.plist;
				INFOPLIST_KEY_CFBundleDisplayName = Treaty;
				INFOPLIST_KEY_LSApplicationCategoryType = "public.app-category.lifestyle";
				INFOPLIST_KEY_UIApplicationSceneManifest_Generation = YES;
				"INFOPLIST_KEY_UIApplicationSceneManifest_Generation[sdk=iphoneos*]" = YES;
				"INFOPLIST_KEY_UIApplicationSceneManifest_Generation[sdk=iphonesimulator*]" = YES;
				INFOPLIST_KEY_UIApplicationSupportsIndirectInputEvents = YES;
				"INFOPLIST_KEY_UIApplicationSupportsIndirectInputEvents[sdk=iphoneos*]" = YES;
				"INFOPLIST_KEY_UIApplicationSupportsIndirectInputEvents[sdk=iphonesimulator*]" = YES;
				INFOPLIST_KEY_UILaunchScreen_Generation = YES;
				"INFOPLIST_KEY_UILaunchScreen_Generation[sdk=iphoneos*]" = YES;
				"INFOPLIST_KEY_UILaunchScreen_Generation[sdk=iphonesimulator*]" = YES;
				INFOPLIST_KEY_UIStatusBarStyle = UIStatusBarStyleDefault;
				"INFOPLIST_KEY_UIStatusBarStyle[sdk=iphoneos*]" = UIStatusBarStyleDefault;
				"INFOPLIST_KEY_UIStatusBarStyle[sdk=iphonesimulator*]" = UIStatusBarStyleDefault;
				INFOPLIST_KEY_UISupportedInterfaceOrientations_iPad = "UIInterfaceOrientationPortrait UIInterfaceOrientationPortraitUpsideDown UIInterfaceOrientationLandscapeLeft UIInterfaceOrientationLandscapeRight";
				INFOPLIST_KEY_UISupportedInterfaceOrientations_iPhone = "UIInterfaceOrientationPortrait UIInterfaceOrientationLandscapeLeft UIInterfaceOrientationLandscapeRight";
				IPHONEOS_DEPLOYMENT_TARGET = 16.2;
				LD_RUNPATH_SEARCH_PATHS = "@executable_path/Frameworks";
				"LD_RUNPATH_SEARCH_PATHS[sdk=macosx*]" = "@executable_path/../Frameworks";
				MACOSX_DEPLOYMENT_TARGET = 13.1;
				MARKETING_VERSION = 1.0;
				PRODUCT_BUNDLE_IDENTIFIER = com.losyetis.Treaty;
				PRODUCT_NAME = "$(TARGET_NAME)";
				SDKROOT = iphoneos;
				SUPPORTED_PLATFORMS = "iphonesimulator iphoneos";
				SWIFT_EMIT_LOC_STRINGS = YES;
				SWIFT_VERSION = 5.0;
				TARGETED_DEVICE_FAMILY = "1,2";
			};
			name = Release;
		};
		358BCF3E297832A1000A7F9C /* Debug */ = {
			isa = XCBuildConfiguration;
			buildSettings = {
				ALWAYS_EMBED_SWIFT_STANDARD_LIBRARIES = YES;
				BUNDLE_LOADER = "$(TEST_HOST)";
				CODE_SIGN_STYLE = Automatic;
				CURRENT_PROJECT_VERSION = 1;
				DEVELOPMENT_TEAM = 87A6J7UY87;
				GENERATE_INFOPLIST_FILE = YES;
				IPHONEOS_DEPLOYMENT_TARGET = 16.2;
				MACOSX_DEPLOYMENT_TARGET = 13.1;
				MARKETING_VERSION = 1.0;
				PRODUCT_BUNDLE_IDENTIFIER = com.losyetis.TreatyTests;
				PRODUCT_NAME = "$(TARGET_NAME)";
				SDKROOT = auto;
				SUPPORTED_PLATFORMS = "iphoneos iphonesimulator macosx";
				SWIFT_EMIT_LOC_STRINGS = NO;
				SWIFT_VERSION = 5.0;
				TARGETED_DEVICE_FAMILY = "1,2";
				TEST_HOST = "$(BUILT_PRODUCTS_DIR)/Treaty.app/$(BUNDLE_EXECUTABLE_FOLDER_PATH)/Treaty";
			};
			name = Debug;
		};
		358BCF3F297832A1000A7F9C /* Release */ = {
			isa = XCBuildConfiguration;
			buildSettings = {
				ALWAYS_EMBED_SWIFT_STANDARD_LIBRARIES = YES;
				BUNDLE_LOADER = "$(TEST_HOST)";
				CODE_SIGN_STYLE = Automatic;
				CURRENT_PROJECT_VERSION = 1;
				DEVELOPMENT_TEAM = 87A6J7UY87;
				GENERATE_INFOPLIST_FILE = YES;
				IPHONEOS_DEPLOYMENT_TARGET = 16.2;
				MACOSX_DEPLOYMENT_TARGET = 13.1;
				MARKETING_VERSION = 1.0;
				PRODUCT_BUNDLE_IDENTIFIER = com.losyetis.TreatyTests;
				PRODUCT_NAME = "$(TARGET_NAME)";
				SDKROOT = auto;
				SUPPORTED_PLATFORMS = "iphoneos iphonesimulator macosx";
				SWIFT_EMIT_LOC_STRINGS = NO;
				SWIFT_VERSION = 5.0;
				TARGETED_DEVICE_FAMILY = "1,2";
				TEST_HOST = "$(BUILT_PRODUCTS_DIR)/Treaty.app/$(BUNDLE_EXECUTABLE_FOLDER_PATH)/Treaty";
			};
			name = Release;
		};
		358BCF41297832A1000A7F9C /* Debug */ = {
			isa = XCBuildConfiguration;
			buildSettings = {
				ALWAYS_EMBED_SWIFT_STANDARD_LIBRARIES = YES;
				CODE_SIGN_STYLE = Automatic;
				CURRENT_PROJECT_VERSION = 1;
				DEVELOPMENT_TEAM = 87A6J7UY87;
				GENERATE_INFOPLIST_FILE = YES;
				IPHONEOS_DEPLOYMENT_TARGET = 16.2;
				MACOSX_DEPLOYMENT_TARGET = 13.1;
				MARKETING_VERSION = 1.0;
				PRODUCT_BUNDLE_IDENTIFIER = com.losyetis.TreatyUITests;
				PRODUCT_NAME = "$(TARGET_NAME)";
				SDKROOT = auto;
				SUPPORTED_PLATFORMS = "iphoneos iphonesimulator macosx";
				SWIFT_EMIT_LOC_STRINGS = NO;
				SWIFT_VERSION = 5.0;
				TARGETED_DEVICE_FAMILY = "1,2";
				TEST_TARGET_NAME = Treaty;
			};
			name = Debug;
		};
		358BCF42297832A1000A7F9C /* Release */ = {
			isa = XCBuildConfiguration;
			buildSettings = {
				ALWAYS_EMBED_SWIFT_STANDARD_LIBRARIES = YES;
				CODE_SIGN_STYLE = Automatic;
				CURRENT_PROJECT_VERSION = 1;
				DEVELOPMENT_TEAM = 87A6J7UY87;
				GENERATE_INFOPLIST_FILE = YES;
				IPHONEOS_DEPLOYMENT_TARGET = 16.2;
				MACOSX_DEPLOYMENT_TARGET = 13.1;
				MARKETING_VERSION = 1.0;
				PRODUCT_BUNDLE_IDENTIFIER = com.losyetis.TreatyUITests;
				PRODUCT_NAME = "$(TARGET_NAME)";
				SDKROOT = auto;
				SUPPORTED_PLATFORMS = "iphoneos iphonesimulator macosx";
				SWIFT_EMIT_LOC_STRINGS = NO;
				SWIFT_VERSION = 5.0;
				TARGETED_DEVICE_FAMILY = "1,2";
				TEST_TARGET_NAME = Treaty;
			};
			name = Release;
		};
/* End XCBuildConfiguration section */

/* Begin XCConfigurationList section */
		358BCF0B2978329F000A7F9C /* Build configuration list for PBXProject "Treaty" */ = {
			isa = XCConfigurationList;
			buildConfigurations = (
				358BCF38297832A1000A7F9C /* Debug */,
				358BCF39297832A1000A7F9C /* Release */,
			);
			defaultConfigurationIsVisible = 0;
			defaultConfigurationName = Release;
		};
		358BCF3A297832A1000A7F9C /* Build configuration list for PBXNativeTarget "Treaty" */ = {
			isa = XCConfigurationList;
			buildConfigurations = (
				358BCF3B297832A1000A7F9C /* Debug */,
				358BCF3C297832A1000A7F9C /* Release */,
			);
			defaultConfigurationIsVisible = 0;
			defaultConfigurationName = Release;
		};
		358BCF3D297832A1000A7F9C /* Build configuration list for PBXNativeTarget "TreatyTests" */ = {
			isa = XCConfigurationList;
			buildConfigurations = (
				358BCF3E297832A1000A7F9C /* Debug */,
				358BCF3F297832A1000A7F9C /* Release */,
			);
			defaultConfigurationIsVisible = 0;
			defaultConfigurationName = Release;
		};
		358BCF40297832A1000A7F9C /* Build configuration list for PBXNativeTarget "TreatyUITests" */ = {
			isa = XCConfigurationList;
			buildConfigurations = (
				358BCF41297832A1000A7F9C /* Debug */,
				358BCF42297832A1000A7F9C /* Release */,
			);
			defaultConfigurationIsVisible = 0;
			defaultConfigurationName = Release;
		};
/* End XCConfigurationList section */

/* Begin XCRemoteSwiftPackageReference section */
		352C02E72978A9B0008E77DF /* XCRemoteSwiftPackageReference "GoogleSignIn-iOS" */ = {
			isa = XCRemoteSwiftPackageReference;
			repositoryURL = "https://github.com/google/GoogleSignIn-iOS/";
			requirement = {
				branch = main;
				kind = branch;
			};
		};
		352F3029298B617E006857CB /* XCRemoteSwiftPackageReference "lottie-ios" */ = {
			isa = XCRemoteSwiftPackageReference;
			repositoryURL = "https://github.com/airbnb/lottie-ios";
			requirement = {
				branch = master;
				kind = branch;
			};
		};
		358BCF47297833C1000A7F9C /* XCRemoteSwiftPackageReference "firebase-ios-sdk" */ = {
			isa = XCRemoteSwiftPackageReference;
			repositoryURL = "https://github.com/firebase/firebase-ios-sdk";
			requirement = {
				kind = upToNextMajorVersion;
				minimumVersion = 9.0.0;
			};
		};
		358BCF50297833F9000A7F9C /* XCRemoteSwiftPackageReference "SDWebImageSwiftUI" */ = {
			isa = XCRemoteSwiftPackageReference;
			repositoryURL = "https://github.com/SDWebImage/SDWebImageSwiftUI";
			requirement = {
				kind = upToNextMajorVersion;
				minimumVersion = 2.0.0;
			};
		};
/* End XCRemoteSwiftPackageReference section */

/* Begin XCSwiftPackageProductDependency section */
		352C02E82978A9B0008E77DF /* GoogleSignIn */ = {
			isa = XCSwiftPackageProductDependency;
			package = 352C02E72978A9B0008E77DF /* XCRemoteSwiftPackageReference "GoogleSignIn-iOS" */;
			productName = GoogleSignIn;
		};
		352C02EA2978A9B0008E77DF /* GoogleSignInSwift */ = {
			isa = XCSwiftPackageProductDependency;
			package = 352C02E72978A9B0008E77DF /* XCRemoteSwiftPackageReference "GoogleSignIn-iOS" */;
			productName = GoogleSignInSwift;
		};
		352F302A298B617E006857CB /* Lottie */ = {
			isa = XCSwiftPackageProductDependency;
			package = 352F3029298B617E006857CB /* XCRemoteSwiftPackageReference "lottie-ios" */;
			productName = Lottie;
		};
		3544C8AB29874C4800957435 /* FirebaseAnalytics */ = {
			isa = XCSwiftPackageProductDependency;
			package = 358BCF47297833C1000A7F9C /* XCRemoteSwiftPackageReference "firebase-ios-sdk" */;
			productName = FirebaseAnalytics;
		};
		3544C8AD29874C4800957435 /* FirebaseMessaging */ = {
			isa = XCSwiftPackageProductDependency;
			package = 358BCF47297833C1000A7F9C /* XCRemoteSwiftPackageReference "firebase-ios-sdk" */;
			productName = FirebaseMessaging;
		};
		358BCF48297833C1000A7F9C /* FirebaseAuth */ = {
			isa = XCSwiftPackageProductDependency;
			package = 358BCF47297833C1000A7F9C /* XCRemoteSwiftPackageReference "firebase-ios-sdk" */;
			productName = FirebaseAuth;
		};
		358BCF4A297833C1000A7F9C /* FirebaseFirestore */ = {
			isa = XCSwiftPackageProductDependency;
			package = 358BCF47297833C1000A7F9C /* XCRemoteSwiftPackageReference "firebase-ios-sdk" */;
			productName = FirebaseFirestore;
		};
		358BCF4C297833C1000A7F9C /* FirebaseFirestoreSwift */ = {
			isa = XCSwiftPackageProductDependency;
			package = 358BCF47297833C1000A7F9C /* XCRemoteSwiftPackageReference "firebase-ios-sdk" */;
			productName = FirebaseFirestoreSwift;
		};
		358BCF4E297833C1000A7F9C /* FirebaseStorage */ = {
			isa = XCSwiftPackageProductDependency;
			package = 358BCF47297833C1000A7F9C /* XCRemoteSwiftPackageReference "firebase-ios-sdk" */;
			productName = FirebaseStorage;
		};
		358BCF51297833F9000A7F9C /* SDWebImageSwiftUI */ = {
			isa = XCSwiftPackageProductDependency;
			package = 358BCF50297833F9000A7F9C /* XCRemoteSwiftPackageReference "SDWebImageSwiftUI" */;
			productName = SDWebImageSwiftUI;
		};
/* End XCSwiftPackageProductDependency section */

/* Begin XCVersionGroup section */
		358BCF172978329F000A7F9C /* Treaty.xcdatamodeld */ = {
			isa = XCVersionGroup;
			children = (
				358BCF182978329F000A7F9C /* Treaty.xcdatamodel */,
			);
			currentVersion = 358BCF182978329F000A7F9C /* Treaty.xcdatamodel */;
			path = Treaty.xcdatamodeld;
			sourceTree = "<group>";
			versionGroupType = wrapper.xcdatamodel;
		};
/* End XCVersionGroup section */
	};
	rootObject = 358BCF082978329F000A7F9C /* Project object */;
}
